# THIS IS AN AUTOGENERATED FILE. DO NOT EDIT THIS FILE DIRECTLY.
# yarn lockfile v1


"@cbor-extract/cbor-extract-darwin-arm64@2.2.0":
  version "2.2.0"
  resolved "https://registry.yarnpkg.com/@cbor-extract/cbor-extract-darwin-arm64/-/cbor-extract-darwin-arm64-2.2.0.tgz#8d65cb861a99622e1b4a268e2d522d2ec6137338"
  integrity sha512-P7swiOAdF7aSi0H+tHtHtr6zrpF3aAq/W9FXx5HektRvLTM2O89xCyXF3pk7pLc7QpaY7AoaE8UowVf9QBdh3w==

"@cbor-extract/cbor-extract-darwin-x64@2.2.0":
  version "2.2.0"
  resolved "https://registry.yarnpkg.com/@cbor-extract/cbor-extract-darwin-x64/-/cbor-extract-darwin-x64-2.2.0.tgz#9fbec199c888c5ec485a1839f4fad0485ab6c40a"
  integrity sha512-1liF6fgowph0JxBbYnAS7ZlqNYLf000Qnj4KjqPNW4GViKrEql2MgZnAsExhY9LSy8dnvA4C0qHEBgPrll0z0w==

"@cbor-extract/cbor-extract-linux-arm64@2.2.0":
  version "2.2.0"
  resolved "https://registry.yarnpkg.com/@cbor-extract/cbor-extract-linux-arm64/-/cbor-extract-linux-arm64-2.2.0.tgz#bf77e0db4a1d2200a5aa072e02210d5043e953ae"
  integrity sha512-rQvhNmDuhjTVXSPFLolmQ47/ydGOFXtbR7+wgkSY0bdOxCFept1hvg59uiLPT2fVDuJFuEy16EImo5tE2x3RsQ==

"@cbor-extract/cbor-extract-linux-arm@2.2.0":
  version "2.2.0"
  resolved "https://registry.yarnpkg.com/@cbor-extract/cbor-extract-linux-arm/-/cbor-extract-linux-arm-2.2.0.tgz#491335037eb8533ed8e21b139c59f6df04e39709"
  integrity sha512-QeBcBXk964zOytiedMPQNZr7sg0TNavZeuUCD6ON4vEOU/25+pLhNN6EDIKJ9VLTKaZ7K7EaAriyYQ1NQ05s/Q==

"@cbor-extract/cbor-extract-linux-x64@2.2.0":
  version "2.2.0"
  resolved "https://registry.yarnpkg.com/@cbor-extract/cbor-extract-linux-x64/-/cbor-extract-linux-x64-2.2.0.tgz#672574485ccd24759bf8fb8eab9dbca517d35b97"
  integrity sha512-cWLAWtT3kNLHSvP4RKDzSTX9o0wvQEEAj4SKvhWuOVZxiDAeQazr9A+PSiRILK1VYMLeDml89ohxCnUNQNQNCw==

"@cbor-extract/cbor-extract-win32-x64@2.2.0":
  version "2.2.0"
  resolved "https://registry.yarnpkg.com/@cbor-extract/cbor-extract-win32-x64/-/cbor-extract-win32-x64-2.2.0.tgz#4b3f07af047f984c082de34b116e765cb9af975f"
  integrity sha512-l2M+Z8DO2vbvADOBNLbbh9y5ST1RY5sqkWOg/58GkUPBYou/cuNZ68SGQ644f1CvZ8kcOxyZtw06+dxWHIoN/w==

"@cord.network/asset@0.9.3-1rc4":
  version "0.9.3-1rc4"
  resolved "https://registry.yarnpkg.com/@cord.network/asset/-/asset-0.9.3-1rc4.tgz#2822b0633e61f26a11bba86bdc2799c9e56c4c0c"
  integrity sha512-SSu0OpkRNLb0P9e9uX7zAG8uhXbJfDBTDa0wHsniIhHOhZeG3s9QRXDpwiWAszLwSbIwNhb0HVMbZpr8Se10Gg==
  dependencies:
    "@cord.network/config" "0.9.3-1rc4"
    "@cord.network/did" "0.9.3-1rc4"
    "@cord.network/identifier" "0.9.3-1rc4"
    "@cord.network/network" "0.9.3-1rc4"
    "@cord.network/types" "0.9.3-1rc4"
    "@cord.network/utils" "0.9.3-1rc4"

"@cord.network/augment-api@0.9.3-1rc4":
  version "0.9.3-1rc4"
  resolved "https://registry.yarnpkg.com/@cord.network/augment-api/-/augment-api-0.9.3-1rc4.tgz#bfa619a8d1cd917f643311ff3b5361caa0ca32a8"
  integrity sha512-q4F/C02/sQSWNTVoMg7/ecKDGqBzP3dOMdMYQR87G1qospz3f8rRMNVn2ct+D0d+CJpPkFmq3V3DDx9F7WkDKw==
  dependencies:
    "@cord.network/type-definitions" "0.9.3-1rc4"
    "@polkadot/rpc-augment" "^10.11.2"
    "@polkadot/rpc-core" "^10.11.2"
    "@polkadot/rpc-provider" "^10.11.2"
    glob "^10.3.10"

"@cord.network/chain-space@0.9.3-1rc4":
  version "0.9.3-1rc4"
  resolved "https://registry.yarnpkg.com/@cord.network/chain-space/-/chain-space-0.9.3-1rc4.tgz#894febf98bc4e57cfa95ce3ccb1422ed401f68c2"
  integrity sha512-hBZFGnNrCFBYG7fIqBw3etz5Gs38IcnALjEwA+S7e/RC2yCg5B92Df5+HlP0pf9XlDBOKhpAvv3FYYdX89vakA==
  dependencies:
    "@cord.network/config" "0.9.3-1rc4"
    "@cord.network/did" "0.9.3-1rc4"
    "@cord.network/identifier" "0.9.3-1rc4"
    "@cord.network/network" "0.9.3-1rc4"
    "@cord.network/types" "0.9.3-1rc4"
    "@cord.network/utils" "0.9.3-1rc4"

"@cord.network/config@0.9.3-1rc4":
  version "0.9.3-1rc4"
  resolved "https://registry.yarnpkg.com/@cord.network/config/-/config-0.9.3-1rc4.tgz#828136acbfc0ab674b1be28ece826991e6429a9b"
  integrity sha512-UCquua0QaAgKhUc2D+Sywl+oJcZZS/A1NZYpJVG7r0LPgEfrWuUpBuiDcU29Rzha1B49l4bJBfhrWUJZZh7GKQ==
  dependencies:
    "@cord.network/type-definitions" "0.9.3-1rc4"
    "@cord.network/types" "0.9.3-1rc4"
    "@cord.network/utils" "0.9.3-1rc4"

"@cord.network/did@0.9.3-1rc4":
  version "0.9.3-1rc4"
  resolved "https://registry.yarnpkg.com/@cord.network/did/-/did-0.9.3-1rc4.tgz#3ef9ac31a8f428d3938f33235e87360cb615ea1a"
  integrity sha512-Qx95SF77GK3/gAtDwpnwg4J2D1gMjuigMi79KzHGhvLi451ib+gFwtd/Irr2SJe0PWzhP6E2OpwAU0nBT2Hl0Q==
  dependencies:
    "@cord.network/augment-api" "0.9.3-1rc4"
    "@cord.network/config" "0.9.3-1rc4"
    "@cord.network/types" "0.9.3-1rc4"
    "@cord.network/utils" "0.9.3-1rc4"
    "@digitalbazaar/security-context" "^1.0.1"
    "@polkadot/api" "^10.11.2"
    "@polkadot/keyring" "^12.6.2"
    "@polkadot/types" "^10.11.2"
    "@polkadot/types-codec" "^10.11.2"
    "@polkadot/util" "^12.6.2"
    "@polkadot/util-crypto" "^12.6.2"

"@cord.network/identifier@0.9.3-1rc4":
  version "0.9.3-1rc4"
  resolved "https://registry.yarnpkg.com/@cord.network/identifier/-/identifier-0.9.3-1rc4.tgz#fc8878edc368154de6fd49731958270f41c267a8"
  integrity sha512-obEo/GbGsPvG64GT88hGNhDE10XTTB2hiMZf4gYYjVSY9hQb1LpQ7t+LNPhYz8EGPXeFd6UX44HGxidC0BJ7NA==
  dependencies:
    "@cord.network/types" "0.9.3-1rc4"
    "@cord.network/utils" "0.9.3-1rc4"

"@cord.network/network-score@0.9.3-1rc4":
  version "0.9.3-1rc4"
  resolved "https://registry.yarnpkg.com/@cord.network/network-score/-/network-score-0.9.3-1rc4.tgz#728c9b3222a8d09c27cc41ed4ac1b2f31476a889"
  integrity sha512-zxsZRRhuVA3rpD+Gg2ALaYjx5uUWlf67IWKWlV93A9oBKnaaFN7LdGe/EXAeWEt7X36XgX1CBsc8zGGXsOjGqw==
  dependencies:
    "@cord.network/config" "0.9.3-1rc4"
    "@cord.network/did" "0.9.3-1rc4"
    "@cord.network/identifier" "0.9.3-1rc4"
    "@cord.network/network" "0.9.3-1rc4"
    "@cord.network/types" "0.9.3-1rc4"
    "@cord.network/utils" "0.9.3-1rc4"

"@cord.network/network@0.9.3-1rc4":
  version "0.9.3-1rc4"
  resolved "https://registry.yarnpkg.com/@cord.network/network/-/network-0.9.3-1rc4.tgz#952da0f6657a4f27afa3e11d4679091de3054625"
  integrity sha512-N5hk9HzfjbEpTVXVwoBUmjRU8i7h0f0rYSmzE9LS0m9B6V+FlL2+FdMxz8KZ1nRHBw5dQi54J/yPazVEqUOQVA==
  dependencies:
    "@cord.network/config" "0.9.3-1rc4"
    "@cord.network/types" "0.9.3-1rc4"
    "@cord.network/utils" "0.9.3-1rc4"
    "@polkadot/api" "^10.11.2"
    "@polkadot/types" "^10.11.2"

"@cord.network/schema@0.9.3-1rc4":
  version "0.9.3-1rc4"
  resolved "https://registry.yarnpkg.com/@cord.network/schema/-/schema-0.9.3-1rc4.tgz#6c253d37e6bc2042c1f2029617d1da1091a9ccb8"
  integrity sha512-O2+N1/+mQVFjPKoYLPi5DRniVjZw2un0cFYvcPHEy/nW4WXJh2rCdBAxH+AOOd5vM4S8UdY14WbmHSw3BMB6TA==
  dependencies:
    "@cord.network/augment-api" "0.9.3-1rc4"
    "@cord.network/chain-space" "0.9.3-1rc4"
    "@cord.network/config" "0.9.3-1rc4"
    "@cord.network/did" "0.9.3-1rc4"
    "@cord.network/identifier" "0.9.3-1rc4"
    "@cord.network/network" "0.9.3-1rc4"
    "@cord.network/types" "0.9.3-1rc4"
    "@cord.network/utils" "0.9.3-1rc4"

"@cord.network/sdk@0.9.3-1rc4":
  version "0.9.3-1rc4"
  resolved "https://registry.yarnpkg.com/@cord.network/sdk/-/sdk-0.9.3-1rc4.tgz#e64d551a7dfc4ed569ba91f7d5bb42f101ea9d94"
  integrity sha512-rWtGsXlZZ+8ue61nHsp/HxLhn7rMpkgWXWjGCUBSq7PIT+HAK2jQDsbd3GtdxbCf6jzirEA6bau+pvs9HB8xpg==
  dependencies:
    "@cord.network/asset" "0.9.3-1rc4"
    "@cord.network/chain-space" "0.9.3-1rc4"
    "@cord.network/config" "0.9.3-1rc4"
    "@cord.network/did" "0.9.3-1rc4"
    "@cord.network/identifier" "0.9.3-1rc4"
    "@cord.network/network" "0.9.3-1rc4"
    "@cord.network/network-score" "0.9.3-1rc4"
    "@cord.network/schema" "0.9.3-1rc4"
    "@cord.network/statement" "0.9.3-1rc4"
    "@cord.network/types" "0.9.3-1rc4"
    "@cord.network/utils" "0.9.3-1rc4"

"@cord.network/statement@0.9.3-1rc4":
  version "0.9.3-1rc4"
  resolved "https://registry.yarnpkg.com/@cord.network/statement/-/statement-0.9.3-1rc4.tgz#d3fa805101fadd8939aaab6e0b33094a18be2169"
  integrity sha512-uO1m1fiq9GQNs25Q+UgtQ42F7DbPjVuKGi9hyrQo7q9uSdJ6+guz4EtCiwppbNAkwcE0ekF3vHisA0KMNm6sIQ==
  dependencies:
    "@cord.network/config" "0.9.3-1rc4"
    "@cord.network/did" "0.9.3-1rc4"
    "@cord.network/identifier" "0.9.3-1rc4"
    "@cord.network/network" "0.9.3-1rc4"
    "@cord.network/types" "0.9.3-1rc4"
    "@cord.network/utils" "0.9.3-1rc4"

"@cord.network/type-definitions@0.9.3-1rc4":
  version "0.9.3-1rc4"
  resolved "https://registry.yarnpkg.com/@cord.network/type-definitions/-/type-definitions-0.9.3-1rc4.tgz#292c495c595aaefbb7acf9440f01e6e77e15e667"
  integrity sha512-cmVK3gKSbXtQnPn4ghPFY4Ng7isCQsK+lAinYjanPKmIHc1VPU2ODl7lxOeKMU0h+D3/CvthvN3wi/p1NKQGHA==
  dependencies:
    "@polkadot/types" "^10.11.2"

"@cord.network/types@0.9.3-1rc4":
  version "0.9.3-1rc4"
  resolved "https://registry.yarnpkg.com/@cord.network/types/-/types-0.9.3-1rc4.tgz#d315d89d88d880c5a8ac158ff46cb62dc15eb320"
  integrity sha512-EhhfDfZhzhGNhxqXtVQum5yKhEx5b0KNxJ6ZcZ5sHaQnEKFFp8mz64utm851BX90kKaeKd/c05EIokq5mVfyTw==
  dependencies:
    "@polkadot/api" "^10.11.2"
    "@polkadot/keyring" "^12.6.2"
    "@polkadot/types" "^10.11.2"
    "@polkadot/util" "^12.6.2"
    "@polkadot/util-crypto" "^12.6.2"

"@cord.network/utils@0.9.3-1rc4":
  version "0.9.3-1rc4"
  resolved "https://registry.yarnpkg.com/@cord.network/utils/-/utils-0.9.3-1rc4.tgz#6cb215da3183a3287de939e5ed9e23c072ae0830"
  integrity sha512-buCyNSakpyBtLjLalMdZRrHuVb6YBbV9yXoo7Wn68S+bqDVk7w8TrOI9OprxLBrzyXjb9PdfgA8HJiB0lEEKgw==
  dependencies:
    "@cord.network/types" "0.9.3-1rc4"
    "@polkadot/api" "^10.11.2"
    "@polkadot/keyring" "^12.6.2"
    "@polkadot/util" "^12.6.2"
    "@polkadot/util-crypto" "^12.6.2"
    cbor-x "^1.5.8"
    tweetnacl "^1.0.3"
    uuid "^9.0.1"

"@digitalbazaar/security-context@^1.0.1":
  version "1.0.1"
  resolved "https://registry.yarnpkg.com/@digitalbazaar/security-context/-/security-context-1.0.1.tgz#badc4b8da03411a32d4e7321ce7c4b355776b410"
  integrity sha512-0WZa6tPiTZZF8leBtQgYAfXQePFQp2z5ivpCEN/iZguYYZ0TB9qRmWtan5XH6mNFuusHtMcyIzAcReyE6rZPhA==

"@isaacs/cliui@^8.0.2":
  version "8.0.2"
  resolved "https://registry.yarnpkg.com/@isaacs/cliui/-/cliui-8.0.2.tgz#b37667b7bc181c168782259bab42474fbf52b550"
  integrity sha512-O8jcjabXaleOG9DQ0+ARXWZBTfnP4WNAqzuiJK7ll44AmxGKv/J2M4TPjxjY3znBCfvBXFzucm1twdyFybFqEA==
  dependencies:
    string-width "^5.1.2"
    string-width-cjs "npm:string-width@^4.2.0"
    strip-ansi "^7.0.1"
    strip-ansi-cjs "npm:strip-ansi@^6.0.1"
    wrap-ansi "^8.1.0"
    wrap-ansi-cjs "npm:wrap-ansi@^7.0.0"

"@noble/curves@^1.3.0":
  version "1.3.0"
  resolved "https://registry.yarnpkg.com/@noble/curves/-/curves-1.3.0.tgz#01be46da4fd195822dab821e72f71bf4aeec635e"
  integrity sha512-t01iSXPuN+Eqzb4eBX0S5oubSqXbK/xXa1Ne18Hj8f9pStxztHCE2gfboSp/dZRLSqfuLpRK2nDXDK+W9puocA==
  dependencies:
    "@noble/hashes" "1.3.3"

"@noble/hashes@1.3.3", "@noble/hashes@^1.3.3":
  version "1.3.3"
  resolved "https://registry.yarnpkg.com/@noble/hashes/-/hashes-1.3.3.tgz#39908da56a4adc270147bb07968bf3b16cfe1699"
  integrity sha512-V7/fPHgl+jsVPXqqeOzT8egNj2iBIVt+ECeMMG8TdcnTikP3oaBtUVqpT/gYCR68aEBJSF+XbYUxStjbFMqIIA==

"@pkgjs/parseargs@^0.11.0":
  version "0.11.0"
  resolved "https://registry.yarnpkg.com/@pkgjs/parseargs/-/parseargs-0.11.0.tgz#a77ea742fab25775145434eb1d2328cf5013ac33"
  integrity sha512-+1VkjdD0QBLPodGrJUeqarH8VAIvQODIbwh9XpP5Syisf7YoQgsJKPNFoqqLQlu+VQ/tVSshMR6loPMn8U+dPg==

"@polkadot/api-augment@10.11.2":
  version "10.11.2"
  resolved "https://registry.yarnpkg.com/@polkadot/api-augment/-/api-augment-10.11.2.tgz#9ea6f3a25edb61a03d571f06f6ec87ced6d29a2a"
  integrity sha512-PTpnqpezc75qBqUtgrc0GYB8h9UHjfbHSRZamAbecIVAJ2/zc6CqtnldeaBlIu1IKTgBzi3FFtTyYu+ZGbNT2Q==
  dependencies:
    "@polkadot/api-base" "10.11.2"
    "@polkadot/rpc-augment" "10.11.2"
    "@polkadot/types" "10.11.2"
    "@polkadot/types-augment" "10.11.2"
    "@polkadot/types-codec" "10.11.2"
    "@polkadot/util" "^12.6.2"
    tslib "^2.6.2"

"@polkadot/api-base@10.11.2":
  version "10.11.2"
  resolved "https://registry.yarnpkg.com/@polkadot/api-base/-/api-base-10.11.2.tgz#135de5ab83769a1fd3ad9f845f27338a65b0ffe3"
  integrity sha512-4LIjaUfO9nOzilxo7XqzYKCNMtmUypdk8oHPdrRnSjKEsnK7vDsNi+979z2KXNXd2KFSCFHENmI523fYnMnReg==
  dependencies:
    "@polkadot/rpc-core" "10.11.2"
    "@polkadot/types" "10.11.2"
    "@polkadot/util" "^12.6.2"
    rxjs "^7.8.1"
    tslib "^2.6.2"

"@polkadot/api-derive@10.11.2":
  version "10.11.2"
  resolved "https://registry.yarnpkg.com/@polkadot/api-derive/-/api-derive-10.11.2.tgz#eb9e3f681ef3dda88ee2dfa538a6bded937de77e"
  integrity sha512-m3BQbPionkd1iSlknddxnL2hDtolPIsT+aRyrtn4zgMRPoLjHFmTmovvg8RaUyYofJtZeYrnjMw0mdxiSXx7eA==
  dependencies:
    "@polkadot/api" "10.11.2"
    "@polkadot/api-augment" "10.11.2"
    "@polkadot/api-base" "10.11.2"
    "@polkadot/rpc-core" "10.11.2"
    "@polkadot/types" "10.11.2"
    "@polkadot/types-codec" "10.11.2"
    "@polkadot/util" "^12.6.2"
    "@polkadot/util-crypto" "^12.6.2"
    rxjs "^7.8.1"
    tslib "^2.6.2"

"@polkadot/api@10.11.2", "@polkadot/api@^10.11.2":
  version "10.11.2"
  resolved "https://registry.yarnpkg.com/@polkadot/api/-/api-10.11.2.tgz#16cd07062d51cc9cf77a3a6afa3cb4e526e44a82"
  integrity sha512-AorCZxCWCoTtdbl4DPUZh+ACe/pbLIS1BkdQY0AFJuZllm0x/yWzjgampcPd5jQAA/O3iKShRBkZqj6Mk9yG/A==
  dependencies:
    "@polkadot/api-augment" "10.11.2"
    "@polkadot/api-base" "10.11.2"
    "@polkadot/api-derive" "10.11.2"
    "@polkadot/keyring" "^12.6.2"
    "@polkadot/rpc-augment" "10.11.2"
    "@polkadot/rpc-core" "10.11.2"
    "@polkadot/rpc-provider" "10.11.2"
    "@polkadot/types" "10.11.2"
    "@polkadot/types-augment" "10.11.2"
    "@polkadot/types-codec" "10.11.2"
    "@polkadot/types-create" "10.11.2"
    "@polkadot/types-known" "10.11.2"
    "@polkadot/util" "^12.6.2"
    "@polkadot/util-crypto" "^12.6.2"
    eventemitter3 "^5.0.1"
    rxjs "^7.8.1"
    tslib "^2.6.2"

"@polkadot/keyring@^12.6.2":
  version "12.6.2"
  resolved "https://registry.yarnpkg.com/@polkadot/keyring/-/keyring-12.6.2.tgz#6067e6294fee23728b008ac116e7e9db05cecb9b"
  integrity sha512-O3Q7GVmRYm8q7HuB3S0+Yf/q/EB2egKRRU3fv9b3B7V+A52tKzA+vIwEmNVaD1g5FKW9oB97rmpggs0zaKFqHw==
  dependencies:
    "@polkadot/util" "12.6.2"
    "@polkadot/util-crypto" "12.6.2"
    tslib "^2.6.2"

"@polkadot/networks@12.6.2", "@polkadot/networks@^12.6.2":
  version "12.6.2"
  resolved "https://registry.yarnpkg.com/@polkadot/networks/-/networks-12.6.2.tgz#791779fee1d86cc5b6cd371858eea9b7c3f8720d"
  integrity sha512-1oWtZm1IvPWqvMrldVH6NI2gBoCndl5GEwx7lAuQWGr7eNL+6Bdc5K3Z9T0MzFvDGoi2/CBqjX9dRKo39pDC/w==
  dependencies:
    "@polkadot/util" "12.6.2"
    "@substrate/ss58-registry" "^1.44.0"
    tslib "^2.6.2"

"@polkadot/rpc-augment@10.11.2", "@polkadot/rpc-augment@^10.11.2":
  version "10.11.2"
  resolved "https://registry.yarnpkg.com/@polkadot/rpc-augment/-/rpc-augment-10.11.2.tgz#4458ee62bd95cd1f016f097f607767d1e6dfc709"
  integrity sha512-9AhT0WW81/8jYbRcAC6PRmuxXqNhJje8OYiulBQHbG1DTCcjAfz+6VQBke9BwTStzPq7d526+yyBKD17O3zlAA==
  dependencies:
    "@polkadot/rpc-core" "10.11.2"
    "@polkadot/types" "10.11.2"
    "@polkadot/types-codec" "10.11.2"
    "@polkadot/util" "^12.6.2"
    tslib "^2.6.2"

"@polkadot/rpc-core@10.11.2", "@polkadot/rpc-core@^10.11.2":
  version "10.11.2"
  resolved "https://registry.yarnpkg.com/@polkadot/rpc-core/-/rpc-core-10.11.2.tgz#a63ef288133d32abfeff8e80a94d3787e91e87be"
  integrity sha512-Ot0CFLWx8sZhLZog20WDuniPA01Bk2StNDsdAQgcFKPwZw6ShPaZQCHuKLQK6I6DodOrem9FXX7c1hvoKJP5Ww==
  dependencies:
    "@polkadot/rpc-augment" "10.11.2"
    "@polkadot/rpc-provider" "10.11.2"
    "@polkadot/types" "10.11.2"
    "@polkadot/util" "^12.6.2"
    rxjs "^7.8.1"
    tslib "^2.6.2"

"@polkadot/rpc-provider@10.11.2", "@polkadot/rpc-provider@^10.11.2":
  version "10.11.2"
  resolved "https://registry.yarnpkg.com/@polkadot/rpc-provider/-/rpc-provider-10.11.2.tgz#b50a11d4baffa39519f786951e68d8c4953672a8"
  integrity sha512-he5jWMpDJp7e+vUzTZDzpkB7ps3H8psRally+/ZvZZScPvFEjfczT7I1WWY9h58s8+ImeVP/lkXjL9h/gUOt3Q==
  dependencies:
    "@polkadot/keyring" "^12.6.2"
    "@polkadot/types" "10.11.2"
    "@polkadot/types-support" "10.11.2"
    "@polkadot/util" "^12.6.2"
    "@polkadot/util-crypto" "^12.6.2"
    "@polkadot/x-fetch" "^12.6.2"
    "@polkadot/x-global" "^12.6.2"
    "@polkadot/x-ws" "^12.6.2"
    eventemitter3 "^5.0.1"
    mock-socket "^9.3.1"
    nock "^13.4.0"
    tslib "^2.6.2"
  optionalDependencies:
    "@substrate/connect" "0.7.35"

"@polkadot/types-augment@10.11.2":
  version "10.11.2"
  resolved "https://registry.yarnpkg.com/@polkadot/types-augment/-/types-augment-10.11.2.tgz#197b24f2c85c9ca483d5cb6d2acc06f42c707abd"
  integrity sha512-8eB8ew04wZiE5GnmFvEFW1euJWmF62SGxb1O+8wL3zoUtB9Xgo1vB6w6xbTrd+HLV6jNSeXXnbbF1BEUvi9cNg==
  dependencies:
    "@polkadot/types" "10.11.2"
    "@polkadot/types-codec" "10.11.2"
    "@polkadot/util" "^12.6.2"
    tslib "^2.6.2"

"@polkadot/types-codec@10.11.2", "@polkadot/types-codec@^10.11.2":
  version "10.11.2"
  resolved "https://registry.yarnpkg.com/@polkadot/types-codec/-/types-codec-10.11.2.tgz#e4570f8c92ffad090fb1d04a94731979537ced33"
  integrity sha512-3xjOQL+LOOMzYqlgP9ROL0FQnzU8lGflgYewzau7AsDlFziSEtb49a9BpYo6zil4koC+QB8zQ9OHGFumG08T8w==
  dependencies:
    "@polkadot/util" "^12.6.2"
    "@polkadot/x-bigint" "^12.6.2"
    tslib "^2.6.2"

"@polkadot/types-create@10.11.2":
  version "10.11.2"
  resolved "https://registry.yarnpkg.com/@polkadot/types-create/-/types-create-10.11.2.tgz#dfd52cdde45619c90f42ec4c681bc5ec8d9e6f43"
  integrity sha512-SJt23NxYvefRxVZZm6mT9ed1pR6FDoIGQ3xUpbjhTLfU2wuhpKjekMVorYQ6z/gK2JLMu2kV92Ardsz+6GX5XQ==
  dependencies:
    "@polkadot/types-codec" "10.11.2"
    "@polkadot/util" "^12.6.2"
    tslib "^2.6.2"

"@polkadot/types-known@10.11.2":
  version "10.11.2"
  resolved "https://registry.yarnpkg.com/@polkadot/types-known/-/types-known-10.11.2.tgz#2ce647b0dd49dec07032547a53d7aa30208a825f"
  integrity sha512-kbEIX7NUQFxpDB0FFGNyXX/odY7jbp56RGD+Z4A731fW2xh/DgAQrI994xTzuh0c0EqPE26oQm3kATSpseqo9w==
  dependencies:
    "@polkadot/networks" "^12.6.2"
    "@polkadot/types" "10.11.2"
    "@polkadot/types-codec" "10.11.2"
    "@polkadot/types-create" "10.11.2"
    "@polkadot/util" "^12.6.2"
    tslib "^2.6.2"

"@polkadot/types-support@10.11.2":
  version "10.11.2"
  resolved "https://registry.yarnpkg.com/@polkadot/types-support/-/types-support-10.11.2.tgz#3ab2252688ea50dbb35055789d0b775b0f5a7b2f"
  integrity sha512-X11hoykFYv/3efg4coZy2hUOUc97JhjQMJLzDhHniFwGLlYU8MeLnPdCVGkXx0xDDjTo4/ptS1XpZ5HYcg+gRw==
  dependencies:
    "@polkadot/util" "^12.6.2"
    tslib "^2.6.2"

"@polkadot/types@10.11.2", "@polkadot/types@^10.11.2":
  version "10.11.2"
  resolved "https://registry.yarnpkg.com/@polkadot/types/-/types-10.11.2.tgz#3317b6fcee53bbfba7bf654413f93ccd742c478e"
  integrity sha512-d52j3xXni+C8GdYZVTSfu8ROAnzXFMlyRvXtor0PudUc8UQHOaC4+mYAkTBGA2gKdmL8MHSfRSbhcxHhsikY6Q==
  dependencies:
    "@polkadot/keyring" "^12.6.2"
    "@polkadot/types-augment" "10.11.2"
    "@polkadot/types-codec" "10.11.2"
    "@polkadot/types-create" "10.11.2"
    "@polkadot/util" "^12.6.2"
    "@polkadot/util-crypto" "^12.6.2"
    rxjs "^7.8.1"
    tslib "^2.6.2"

"@polkadot/util-crypto@12.6.2", "@polkadot/util-crypto@^12.6.2":
  version "12.6.2"
  resolved "https://registry.yarnpkg.com/@polkadot/util-crypto/-/util-crypto-12.6.2.tgz#d2d51010e8e8ca88951b7d864add797dad18bbfc"
  integrity sha512-FEWI/dJ7wDMNN1WOzZAjQoIcCP/3vz3wvAp5QQm+lOrzOLj0iDmaIGIcBkz8HVm3ErfSe/uKP0KS4jgV/ib+Mg==
  dependencies:
    "@noble/curves" "^1.3.0"
    "@noble/hashes" "^1.3.3"
    "@polkadot/networks" "12.6.2"
    "@polkadot/util" "12.6.2"
    "@polkadot/wasm-crypto" "^7.3.2"
    "@polkadot/wasm-util" "^7.3.2"
    "@polkadot/x-bigint" "12.6.2"
    "@polkadot/x-randomvalues" "12.6.2"
    "@scure/base" "^1.1.5"
    tslib "^2.6.2"

"@polkadot/util@12.6.2", "@polkadot/util@^12.6.2":
  version "12.6.2"
  resolved "https://registry.yarnpkg.com/@polkadot/util/-/util-12.6.2.tgz#9396eff491221e1f0fd28feac55fc16ecd61a8dc"
  integrity sha512-l8TubR7CLEY47240uki0TQzFvtnxFIO7uI/0GoWzpYD/O62EIAMRsuY01N4DuwgKq2ZWD59WhzsLYmA5K6ksdw==
  dependencies:
    "@polkadot/x-bigint" "12.6.2"
    "@polkadot/x-global" "12.6.2"
    "@polkadot/x-textdecoder" "12.6.2"
    "@polkadot/x-textencoder" "12.6.2"
    "@types/bn.js" "^5.1.5"
    bn.js "^5.2.1"
    tslib "^2.6.2"

"@polkadot/wasm-bridge@7.3.2":
  version "7.3.2"
  resolved "https://registry.yarnpkg.com/@polkadot/wasm-bridge/-/wasm-bridge-7.3.2.tgz#e1b01906b19e06cbca3d94f10f5666f2ae0baadc"
  integrity sha512-AJEXChcf/nKXd5Q/YLEV5dXQMle3UNT7jcXYmIffZAo/KI394a+/24PaISyQjoNC0fkzS1Q8T5pnGGHmXiVz2g==
  dependencies:
    "@polkadot/wasm-util" "7.3.2"
    tslib "^2.6.2"

"@polkadot/wasm-crypto-asmjs@7.3.2":
  version "7.3.2"
  resolved "https://registry.yarnpkg.com/@polkadot/wasm-crypto-asmjs/-/wasm-crypto-asmjs-7.3.2.tgz#c6d41bc4b48b5359d57a24ca3066d239f2d70a34"
  integrity sha512-QP5eiUqUFur/2UoF2KKKYJcesc71fXhQFLT3D4ZjG28Mfk2ZPI0QNRUfpcxVQmIUpV5USHg4geCBNuCYsMm20Q==
  dependencies:
    tslib "^2.6.2"

"@polkadot/wasm-crypto-init@7.3.2":
  version "7.3.2"
  resolved "https://registry.yarnpkg.com/@polkadot/wasm-crypto-init/-/wasm-crypto-init-7.3.2.tgz#7e1fe79ba978fb0a4a0f74a92d976299d38bc4b8"
  integrity sha512-FPq73zGmvZtnuJaFV44brze3Lkrki3b4PebxCy9Fplw8nTmisKo9Xxtfew08r0njyYh+uiJRAxPCXadkC9sc8g==
  dependencies:
    "@polkadot/wasm-bridge" "7.3.2"
    "@polkadot/wasm-crypto-asmjs" "7.3.2"
    "@polkadot/wasm-crypto-wasm" "7.3.2"
    "@polkadot/wasm-util" "7.3.2"
    tslib "^2.6.2"

"@polkadot/wasm-crypto-wasm@7.3.2":
  version "7.3.2"
  resolved "https://registry.yarnpkg.com/@polkadot/wasm-crypto-wasm/-/wasm-crypto-wasm-7.3.2.tgz#44e08ed5cf6499ce4a3aa7247071a5d01f6a74f4"
  integrity sha512-15wd0EMv9IXs5Abp1ZKpKKAVyZPhATIAHfKsyoWCEFDLSOA0/K0QGOxzrAlsrdUkiKZOq7uzSIgIDgW8okx2Mw==
  dependencies:
    "@polkadot/wasm-util" "7.3.2"
    tslib "^2.6.2"

"@polkadot/wasm-crypto@^7.3.2":
  version "7.3.2"
  resolved "https://registry.yarnpkg.com/@polkadot/wasm-crypto/-/wasm-crypto-7.3.2.tgz#61bbcd9e591500705c8c591e6aff7654bdc8afc9"
  integrity sha512-+neIDLSJ6jjVXsjyZ5oLSv16oIpwp+PxFqTUaZdZDoA2EyFRQB8pP7+qLsMNk+WJuhuJ4qXil/7XiOnZYZ+wxw==
  dependencies:
    "@polkadot/wasm-bridge" "7.3.2"
    "@polkadot/wasm-crypto-asmjs" "7.3.2"
    "@polkadot/wasm-crypto-init" "7.3.2"
    "@polkadot/wasm-crypto-wasm" "7.3.2"
    "@polkadot/wasm-util" "7.3.2"
    tslib "^2.6.2"

"@polkadot/wasm-util@7.3.2", "@polkadot/wasm-util@^7.3.2":
  version "7.3.2"
  resolved "https://registry.yarnpkg.com/@polkadot/wasm-util/-/wasm-util-7.3.2.tgz#4fe6370d2b029679b41a5c02cd7ebf42f9b28de1"
  integrity sha512-bmD+Dxo1lTZyZNxbyPE380wd82QsX+43mgCm40boyKrRppXEyQmWT98v/Poc7chLuskYb6X8IQ6lvvK2bGR4Tg==
  dependencies:
    tslib "^2.6.2"

"@polkadot/x-bigint@12.6.2", "@polkadot/x-bigint@^12.6.2":
  version "12.6.2"
  resolved "https://registry.yarnpkg.com/@polkadot/x-bigint/-/x-bigint-12.6.2.tgz#59b7a615f205ae65e1ac67194aefde94d3344580"
  integrity sha512-HSIk60uFPX4GOFZSnIF7VYJz7WZA7tpFJsne7SzxOooRwMTWEtw3fUpFy5cYYOeLh17/kHH1Y7SVcuxzVLc74Q==
  dependencies:
    "@polkadot/x-global" "12.6.2"
    tslib "^2.6.2"

"@polkadot/x-fetch@^12.6.2":
  version "12.6.2"
  resolved "https://registry.yarnpkg.com/@polkadot/x-fetch/-/x-fetch-12.6.2.tgz#b1bca028db90263bafbad2636c18d838d842d439"
  integrity sha512-8wM/Z9JJPWN1pzSpU7XxTI1ldj/AfC8hKioBlUahZ8gUiJaOF7K9XEFCrCDLis/A1BoOu7Ne6WMx/vsJJIbDWw==
  dependencies:
    "@polkadot/x-global" "12.6.2"
    node-fetch "^3.3.2"
    tslib "^2.6.2"

"@polkadot/x-global@12.6.2", "@polkadot/x-global@^12.6.2":
  version "12.6.2"
  resolved "https://registry.yarnpkg.com/@polkadot/x-global/-/x-global-12.6.2.tgz#31d4de1c3d4c44e4be3219555a6d91091decc4ec"
  integrity sha512-a8d6m+PW98jmsYDtAWp88qS4dl8DyqUBsd0S+WgyfSMtpEXu6v9nXDgPZgwF5xdDvXhm+P0ZfVkVTnIGrScb5g==
  dependencies:
    tslib "^2.6.2"

"@polkadot/x-randomvalues@12.6.2":
  version "12.6.2"
  resolved "https://registry.yarnpkg.com/@polkadot/x-randomvalues/-/x-randomvalues-12.6.2.tgz#13fe3619368b8bf5cb73781554859b5ff9d900a2"
  integrity sha512-Vr8uG7rH2IcNJwtyf5ebdODMcr0XjoCpUbI91Zv6AlKVYOGKZlKLYJHIwpTaKKB+7KPWyQrk4Mlym/rS7v9feg==
  dependencies:
    "@polkadot/x-global" "12.6.2"
    tslib "^2.6.2"

"@polkadot/x-textdecoder@12.6.2":
  version "12.6.2"
  resolved "https://registry.yarnpkg.com/@polkadot/x-textdecoder/-/x-textdecoder-12.6.2.tgz#b86da0f8e8178f1ca31a7158257e92aea90b10e4"
  integrity sha512-M1Bir7tYvNappfpFWXOJcnxUhBUFWkUFIdJSyH0zs5LmFtFdbKAeiDXxSp2Swp5ddOZdZgPac294/o2TnQKN1w==
  dependencies:
    "@polkadot/x-global" "12.6.2"
    tslib "^2.6.2"

"@polkadot/x-textencoder@12.6.2":
  version "12.6.2"
  resolved "https://registry.yarnpkg.com/@polkadot/x-textencoder/-/x-textencoder-12.6.2.tgz#81d23bd904a2c36137a395c865c5fefa21abfb44"
  integrity sha512-4N+3UVCpI489tUJ6cv3uf0PjOHvgGp9Dl+SZRLgFGt9mvxnvpW/7+XBADRMtlG4xi5gaRK7bgl5bmY6OMDsNdw==
  dependencies:
    "@polkadot/x-global" "12.6.2"
    tslib "^2.6.2"

"@polkadot/x-ws@^12.6.2":
  version "12.6.2"
  resolved "https://registry.yarnpkg.com/@polkadot/x-ws/-/x-ws-12.6.2.tgz#b99094d8e53a03be1de903d13ba59adaaabc767a"
  integrity sha512-cGZWo7K5eRRQCRl2LrcyCYsrc3lRbTlixZh3AzgU8uX4wASVGRlNWi/Hf4TtHNe1ExCDmxabJzdIsABIfrr7xw==
  dependencies:
    "@polkadot/x-global" "12.6.2"
    tslib "^2.6.2"
    ws "^8.15.1"

"@scure/base@^1.1.5":
  version "1.1.5"
  resolved "https://registry.yarnpkg.com/@scure/base/-/base-1.1.5.tgz#1d85d17269fe97694b9c592552dd9e5e33552157"
  integrity sha512-Brj9FiG2W1MRQSTB212YVPRrcbjkv48FoZi/u4l/zds/ieRrqsh7aUf6CLwkAq61oKXr/ZlTzlY66gLIj3TFTQ==

"@substrate/connect-extension-protocol@^1.0.1":
  version "1.0.1"
  resolved "https://registry.yarnpkg.com/@substrate/connect-extension-protocol/-/connect-extension-protocol-1.0.1.tgz#fa5738039586c648013caa6a0c95c43265dbe77d"
  integrity sha512-161JhCC1csjH3GE5mPLEd7HbWtwNSPJBg3p1Ksz9SFlTzj/bgEwudiRN2y5i0MoLGCIJRYKyKGMxVnd29PzNjg==

"@substrate/connect@0.7.35":
  version "0.7.35"
  resolved "https://registry.yarnpkg.com/@substrate/connect/-/connect-0.7.35.tgz#853d8ff50717a8c9ee8f219d11a86e61a54b88b8"
  integrity sha512-Io8vkalbwaye+7yXfG1Nj52tOOoJln2bMlc7Q9Yy3vEWqZEVkgKmcPVzbwV0CWL3QD+KMPDA2Dnw/X7EdwgoLw==
  dependencies:
    "@substrate/connect-extension-protocol" "^1.0.1"
    smoldot "2.0.7"

"@substrate/ss58-registry@^1.44.0":
  version "1.46.0"
  resolved "https://registry.yarnpkg.com/@substrate/ss58-registry/-/ss58-registry-1.46.0.tgz#bfe3e6a30d39929f57ecc178acde4e74a773e2b6"
  integrity sha512-rBvWnlrBeFTd5LVG7oX3rOHzR16yqyffOFHKmUiVcblpXI3D89CXOvAljW9tWlA1H/2/FegaZnHPhdObPsvi+w==

"@types/bn.js@^5.1.5":
  version "5.1.5"
  resolved "https://registry.yarnpkg.com/@types/bn.js/-/bn.js-5.1.5.tgz#2e0dacdcce2c0f16b905d20ff87aedbc6f7b4bf0"
  integrity sha512-V46N0zwKRF5Q00AZ6hWtN0T8gGmDUaUzLWQvHFo5yThtVwK/VCenFY3wXVbOvNfajEpsTfQM4IN9k/d6gUVX3A==
  dependencies:
    "@types/node" "*"

"@types/jsonabc@^2.3.3":
  version "2.3.3"
  resolved "https://registry.yarnpkg.com/@types/jsonabc/-/jsonabc-2.3.3.tgz#a5d6cbb31d6843955c5087a93140035e9260b6b6"
  integrity sha512-TnsXd4l4X65GsPakQjGLMQ4SqVXrVsvfzpO+0WqNxF8HLiiKA32aFD6Mas+9zjB3TScRIMhCDnkux/gm0674mg==

"@types/node@*":
  version "20.11.19"
  resolved "https://registry.yarnpkg.com/@types/node/-/node-20.11.19.tgz#b466de054e9cb5b3831bee38938de64ac7f81195"
  integrity sha512-7xMnVEcZFu0DikYjWOlRq7NTPETrm7teqUT2WkQjrTIkEgUyyGdWsj/Zg8bEJt5TNklzbPD1X3fqfsHw3SpapQ==
  dependencies:
    undici-types "~5.26.4"

ansi-regex@^5.0.1:
  version "5.0.1"
  resolved "https://registry.yarnpkg.com/ansi-regex/-/ansi-regex-5.0.1.tgz#082cb2c89c9fe8659a311a53bd6a4dc5301db304"
  integrity sha512-quJQXlTSUGL2LH9SUXo8VwsY4soanhgo6LNSm84E1LBcE8s3O0wpdiRzyR9z/ZZJMlMWv37qOOb9pdJlMUEKFQ==

ansi-regex@^6.0.1:
  version "6.0.1"
  resolved "https://registry.yarnpkg.com/ansi-regex/-/ansi-regex-6.0.1.tgz#3183e38fae9a65d7cb5e53945cd5897d0260a06a"
  integrity sha512-n5M855fKb2SsfMIiFFoVrABHJC8QtHwVx+mHWP3QcEqBHYienj5dHSgjbxtC0WEZXYt4wcD6zrQElDPhFuZgfA==

ansi-styles@^4.0.0:
  version "4.3.0"
  resolved "https://registry.yarnpkg.com/ansi-styles/-/ansi-styles-4.3.0.tgz#edd803628ae71c04c85ae7a0906edad34b648937"
  integrity sha512-zbB9rCJAT1rbjiVDb2hqKFHNYLxgtk8NURxZ3IZwD3F6NtxbXZQCnnSi1Lkx+IDohdPlFp222wVALIheZJQSEg==
  dependencies:
    color-convert "^2.0.1"

ansi-styles@^6.1.0:
  version "6.2.1"
  resolved "https://registry.yarnpkg.com/ansi-styles/-/ansi-styles-6.2.1.tgz#0e62320cf99c21afff3b3012192546aacbfb05c5"
  integrity sha512-bN798gFfQX+viw3R7yrGWRqnrN2oRkEkUjjl4JNn4E8GxxbjtG3FbrEIIY3l8/hrwUwIeCZvi4QuOTP4MErVug==

balanced-match@^1.0.0:
  version "1.0.2"
  resolved "https://registry.yarnpkg.com/balanced-match/-/balanced-match-1.0.2.tgz#e83e3a7e3f300b34cb9d87f615fa0cbf357690ee"
  integrity sha512-3oSeUO0TMV67hN1AmbXsK4yaqU7tjiHlbxRDZOpH0KW9+CeX4bRAaX0Anxt0tx2MrpRpWwQaPwIlISEJhYU5Pw==

bn.js@^5.2.1:
  version "5.2.1"
  resolved "https://registry.yarnpkg.com/bn.js/-/bn.js-5.2.1.tgz#0bc527a6a0d18d0aa8d5b0538ce4a77dccfa7b70"
  integrity sha512-eXRvHzWyYPBuB4NBy0cmYQjGitUrtqwbvlzP3G6VFnNRbsZQIxQ10PbKKHt8gZ/HW/D/747aDl+QkDqg3KQLMQ==

brace-expansion@^2.0.1:
  version "2.0.1"
  resolved "https://registry.yarnpkg.com/brace-expansion/-/brace-expansion-2.0.1.tgz#1edc459e0f0c548486ecf9fc99f2221364b9a0ae"
  integrity sha512-XnAIvQ8eM+kC6aULx6wuQiwVsnzsi9d3WxzV3FpWTGA19F621kwdbsAcFKXgKUHZWsy+mY6iL1sHTxWEFCytDA==
  dependencies:
    balanced-match "^1.0.0"

cbor-extract@^2.2.0:
  version "2.2.0"
  resolved "https://registry.yarnpkg.com/cbor-extract/-/cbor-extract-2.2.0.tgz#cee78e630cbeae3918d1e2e58e0cebaf3a3be840"
  integrity sha512-Ig1zM66BjLfTXpNgKpvBePq271BPOvu8MR0Jl080yG7Jsl+wAZunfrwiwA+9ruzm/WEdIV5QF/bjDZTqyAIVHA==
  dependencies:
    node-gyp-build-optional-packages "5.1.1"
  optionalDependencies:
    "@cbor-extract/cbor-extract-darwin-arm64" "2.2.0"
    "@cbor-extract/cbor-extract-darwin-x64" "2.2.0"
    "@cbor-extract/cbor-extract-linux-arm" "2.2.0"
    "@cbor-extract/cbor-extract-linux-arm64" "2.2.0"
    "@cbor-extract/cbor-extract-linux-x64" "2.2.0"
    "@cbor-extract/cbor-extract-win32-x64" "2.2.0"

cbor-x@^1.5.8:
  version "1.5.8"
  resolved "https://registry.yarnpkg.com/cbor-x/-/cbor-x-1.5.8.tgz#3bd7bc61120692b5031d7f782a39b64f51f1d825"
  integrity sha512-gc3bHBsvG6GClCY6c0/iip+ghlqizkVp+TtaL927lwvP4VP9xBdi1HmqPR5uj/Mj/0TOlngMkIYa25wKg+VNrQ==
  optionalDependencies:
    cbor-extract "^2.2.0"

color-convert@^2.0.1:
  version "2.0.1"
  resolved "https://registry.yarnpkg.com/color-convert/-/color-convert-2.0.1.tgz#72d3a68d598c9bdb3af2ad1e84f21d896abd4de3"
  integrity sha512-RRECPsj7iu/xb5oKYcsFHSppFNnsj/52OVTRKb4zP5onXwVF3zVmmToNcOfGC+CRDpfK/U584fMg38ZHCaElKQ==
  dependencies:
    color-name "~1.1.4"

color-name@~1.1.4:
  version "1.1.4"
  resolved "https://registry.yarnpkg.com/color-name/-/color-name-1.1.4.tgz#c2a09a87acbde69543de6f63fa3995c826c536a2"
  integrity sha512-dOy+3AuW3a2wNbZHIuMZpTcgjGuLU/uBL/ubcZF9OXbDo8ff4O8yVp5Bf0efS8uEoYo5q4Fx7dY9OgQGXgAsQA==

cross-spawn@^7.0.0:
  version "7.0.3"
  resolved "https://registry.yarnpkg.com/cross-spawn/-/cross-spawn-7.0.3.tgz#f73a85b9d5d41d045551c177e2882d4ac85728a6"
  integrity sha512-iRDPJKUPVEND7dHPO8rkbOnPpyDygcDFtWjpeWNCgy8WP2rXcxXL8TskReQl6OrB2G7+UJrags1q15Fudc7G6w==
  dependencies:
    path-key "^3.1.0"
    shebang-command "^2.0.0"
    which "^2.0.1"

data-uri-to-buffer@^4.0.0:
  version "4.0.1"
  resolved "https://registry.yarnpkg.com/data-uri-to-buffer/-/data-uri-to-buffer-4.0.1.tgz#d8feb2b2881e6a4f58c2e08acfd0e2834e26222e"
  integrity sha512-0R9ikRb668HB7QDxT1vkpuUBtqc53YyAwMwGeUFKRojY/NWKvdZ+9UYtRfGmhqNbRkTSVpMbmyhXipFFv2cb/A==

debug@^4.1.0:
  version "4.3.4"
  resolved "https://registry.yarnpkg.com/debug/-/debug-4.3.4.tgz#1319f6579357f2338d3337d2cdd4914bb5dcc865"
  integrity sha512-PRWFHuSU3eDtQJPvnNY7Jcket1j0t5OuOsFzPPzsekD52Zl8qUfFIPEiswXqIvHWGVHOgX+7G/vCNNhehwxfkQ==
  dependencies:
    ms "2.1.2"

detect-libc@^2.0.1:
  version "2.0.2"
  resolved "https://registry.yarnpkg.com/detect-libc/-/detect-libc-2.0.2.tgz#8ccf2ba9315350e1241b88d0ac3b0e1fbd99605d"
  integrity sha512-UX6sGumvvqSaXgdKGUsgZWqcUyIXZ/vZTrlRT/iobiKhGL0zL4d3osHj3uqllWJK+i+sixDS/3COVEOFbupFyw==

dotenv@^16.3.1:
  version "16.4.4"
  resolved "https://registry.yarnpkg.com/dotenv/-/dotenv-16.4.4.tgz#a26e7bb95ebd36272ebb56edb80b826aecf224c1"
  integrity sha512-XvPXc8XAQThSjAbY6cQ/9PcBXmFoWuw1sQ3b8HqUCR6ziGXjkTi//kB9SWa2UwqlgdAIuRqAa/9hVljzPehbYg==

eastasianwidth@^0.2.0:
  version "0.2.0"
  resolved "https://registry.yarnpkg.com/eastasianwidth/-/eastasianwidth-0.2.0.tgz#696ce2ec0aa0e6ea93a397ffcf24aa7840c827cb"
  integrity sha512-I88TYZWc9XiYHRQ4/3c5rjjfgkjhLyW2luGIheGERbNQ6OY7yTybanSpDXZa8y7VUP9YmDcYa+eyq4ca7iLqWA==

emoji-regex@^8.0.0:
  version "8.0.0"
  resolved "https://registry.yarnpkg.com/emoji-regex/-/emoji-regex-8.0.0.tgz#e818fd69ce5ccfcb404594f842963bf53164cc37"
  integrity sha512-MSjYzcWNOA0ewAHpz0MxpYFvwg6yjy1NG3xteoqz644VCo/RPgnr1/GGt+ic3iJTzQ8Eu3TdM14SawnVUmGE6A==

emoji-regex@^9.2.2:
  version "9.2.2"
  resolved "https://registry.yarnpkg.com/emoji-regex/-/emoji-regex-9.2.2.tgz#840c8803b0d8047f4ff0cf963176b32d4ef3ed72"
  integrity sha512-L18DaJsXSUk2+42pv8mLs5jJT2hqFkFE4j21wOmgbUqsZ2hL72NsUU785g9RXgo3s0ZNgVl42TiHp3ZtOv/Vyg==

eventemitter3@^5.0.1:
  version "5.0.1"
  resolved "https://registry.yarnpkg.com/eventemitter3/-/eventemitter3-5.0.1.tgz#53f5ffd0a492ac800721bb42c66b841de96423c4"
  integrity sha512-GWkBvjiSZK87ELrYOSESUYeVIc9mvLLf/nXalMOS5dYrgZq9o5OVkbZAVM06CVxYsCwH9BDZFPlQTlPA1j4ahA==

fetch-blob@^3.1.2, fetch-blob@^3.1.4:
  version "3.2.0"
  resolved "https://registry.yarnpkg.com/fetch-blob/-/fetch-blob-3.2.0.tgz#f09b8d4bbd45adc6f0c20b7e787e793e309dcce9"
  integrity sha512-7yAQpD2UMJzLi1Dqv7qFYnPbaPx7ZfFK6PiIxQ4PfkGPyNyl2Ugx+a/umUonmKqjhM4DnfbMvdX6otXq83soQQ==
  dependencies:
    node-domexception "^1.0.0"
    web-streams-polyfill "^3.0.3"

foreground-child@^3.1.0:
  version "3.1.1"
  resolved "https://registry.yarnpkg.com/foreground-child/-/foreground-child-3.1.1.tgz#1d173e776d75d2772fed08efe4a0de1ea1b12d0d"
  integrity sha512-TMKDUnIte6bfb5nWv7V/caI169OHgvwjb7V4WkeUvbQQdjr5rWKqHFiKWb/fcOwB+CzBT+qbWjvj+DVwRskpIg==
  dependencies:
    cross-spawn "^7.0.0"
    signal-exit "^4.0.1"

formdata-polyfill@^4.0.10:
  version "4.0.10"
  resolved "https://registry.yarnpkg.com/formdata-polyfill/-/formdata-polyfill-4.0.10.tgz#24807c31c9d402e002ab3d8c720144ceb8848423"
  integrity sha512-buewHzMvYL29jdeQTVILecSaZKnt/RJWjoZCF5OW60Z67/GmSLBkOFM7qh1PI3zFNtJbaZL5eQu1vLfazOwj4g==
  dependencies:
    fetch-blob "^3.1.2"

glob@^10.3.10:
  version "10.3.10"
  resolved "https://registry.yarnpkg.com/glob/-/glob-10.3.10.tgz#0351ebb809fd187fe421ab96af83d3a70715df4b"
  integrity sha512-fa46+tv1Ak0UPK1TOy/pZrIybNNt4HCv7SDzwyfiOZkvZLEbjsZkJBPtDHVshZjbecAoAGSC20MjLDG/qr679g==
  dependencies:
    foreground-child "^3.1.0"
    jackspeak "^2.3.5"
    minimatch "^9.0.1"
    minipass "^5.0.0 || ^6.0.2 || ^7.0.0"
    path-scurry "^1.10.1"

is-fullwidth-code-point@^3.0.0:
  version "3.0.0"
  resolved "https://registry.yarnpkg.com/is-fullwidth-code-point/-/is-fullwidth-code-point-3.0.0.tgz#f116f8064fe90b3f7844a38997c0b75051269f1d"
  integrity sha512-zymm5+u+sCsSWyD9qNaejV3DFvhCKclKdizYaJUuHA83RLjb7nSuGnddCHGv0hk+KY7BMAlsWeK4Ueg6EV6XQg==

isexe@^2.0.0:
  version "2.0.0"
  resolved "https://registry.yarnpkg.com/isexe/-/isexe-2.0.0.tgz#e8fbf374dc556ff8947a10dcb0572d633f2cfa10"
  integrity sha512-RHxMLp9lnKHGHRng9QFhRCMbYAcVpn69smSGcq3f36xjgVVWThj4qqLbTLlq7Ssj8B+fIQ1EuCEGI2lKsyQeIw==

jackspeak@^2.3.5:
  version "2.3.6"
  resolved "https://registry.yarnpkg.com/jackspeak/-/jackspeak-2.3.6.tgz#647ecc472238aee4b06ac0e461acc21a8c505ca8"
  integrity sha512-N3yCS/NegsOBokc8GAdM8UcmfsKiSS8cipheD/nivzr700H+nsMOxJjQnvwOcRYVuFkdH0wGUvW2WbXGmrZGbQ==
  dependencies:
    "@isaacs/cliui" "^8.0.2"
  optionalDependencies:
    "@pkgjs/parseargs" "^0.11.0"

json-stringify-safe@^5.0.1:
  version "5.0.1"
  resolved "https://registry.yarnpkg.com/json-stringify-safe/-/json-stringify-safe-5.0.1.tgz#1296a2d58fd45f19a0f6ce01d65701e2c735b6eb"
  integrity sha512-ZClg6AaYvamvYEE82d3Iyd3vSSIjQ+odgjaTzRuO3s7toCdFKczob2i0zCh7JE8kWn17yvAWhUVxvqGwUalsRA==

jsonabc@^2.3.1:
  version "2.3.1"
  resolved "https://registry.yarnpkg.com/jsonabc/-/jsonabc-2.3.1.tgz#800a1bd158fb30ace2b4613f8725adfcb040bfb4"
  integrity sha512-BeyxtaFNw7Alb3fUoAHZjw+Qp0+qmJdm52/mFcntoUJRD5p1aXmgKgjbNemLTsxAiG7Buk34ttMkip7XZmIn6g==

"lru-cache@^9.1.1 || ^10.0.0":
  version "10.2.0"
  resolved "https://registry.yarnpkg.com/lru-cache/-/lru-cache-10.2.0.tgz#0bd445ca57363465900f4d1f9bd8db343a4d95c3"
  integrity sha512-2bIM8x+VAf6JT4bKAljS1qUWgMsqZRPGJS6FSahIMPVvctcNhyVp7AJu7quxOW9jwkryBReKZY5tY5JYv2n/7Q==

minimatch@^9.0.1:
  version "9.0.3"
  resolved "https://registry.yarnpkg.com/minimatch/-/minimatch-9.0.3.tgz#a6e00c3de44c3a542bfaae70abfc22420a6da825"
  integrity sha512-RHiac9mvaRw0x3AYRgDC1CxAP7HTcNrrECeA8YYJeWnpo+2Q5CegtZjaotWTWxDG3UeGA1coE05iH1mPjT/2mg==
  dependencies:
    brace-expansion "^2.0.1"

"minipass@^5.0.0 || ^6.0.2 || ^7.0.0":
  version "7.0.4"
  resolved "https://registry.yarnpkg.com/minipass/-/minipass-7.0.4.tgz#dbce03740f50a4786ba994c1fb908844d27b038c"
  integrity sha512-jYofLM5Dam9279rdkWzqHozUo4ybjdZmCsDHePy5V/PbBcVMiSZR97gmAy45aqi8CK1lG2ECd356FU86avfwUQ==

mock-socket@^9.3.1:
  version "9.3.1"
  resolved "https://registry.yarnpkg.com/mock-socket/-/mock-socket-9.3.1.tgz#24fb00c2f573c84812aa4a24181bb025de80cc8e"
  integrity sha512-qxBgB7Qa2sEQgHFjj0dSigq7fX4k6Saisd5Nelwp2q8mlbAFh5dHV9JTTlF8viYJLSSWgMCZFUom8PJcMNBoJw==

moment@^2.29.4:
  version "2.30.1"
  resolved "https://registry.yarnpkg.com/moment/-/moment-2.30.1.tgz#f8c91c07b7a786e30c59926df530b4eac96974ae"
  integrity sha512-uEmtNhbDOrWPFS+hdjFCBfy9f2YoyzRpwcl+DqpC6taX21FzsTLQVbMV/W7PzNSX6x/bhC1zA3c2UQ5NzH6how==

ms@2.1.2:
  version "2.1.2"
  resolved "https://registry.yarnpkg.com/ms/-/ms-2.1.2.tgz#d09d1f357b443f493382a8eb3ccd183872ae6009"
  integrity sha512-sGkPx+VjMtmA6MX27oA4FBFELFCZZ4S4XqeGOXCv68tT+jb3vk/RyaKWP0PTKyWtmLSM0b+adUTEvbs1PEaH2w==

nock@^13.4.0:
  version "13.5.1"
  resolved "https://registry.yarnpkg.com/nock/-/nock-13.5.1.tgz#4e40f9877ad0d43b7cdb474261c190f3715dd806"
  integrity sha512-+s7b73fzj5KnxbKH4Oaqz07tQ8degcMilU4rrmnKvI//b0JMBU4wEXFQ8zqr+3+L4eWSfU3H/UoIVGUV0tue1Q==
  dependencies:
    debug "^4.1.0"
    json-stringify-safe "^5.0.1"
    propagate "^2.0.0"

node-domexception@^1.0.0:
  version "1.0.0"
  resolved "https://registry.yarnpkg.com/node-domexception/-/node-domexception-1.0.0.tgz#6888db46a1f71c0b76b3f7555016b63fe64766e5"
  integrity sha512-/jKZoMpw0F8GRwl4/eLROPA3cfcXtLApP0QzLmUT/HuPCZWyB7IY9ZrMeKw2O/nFIqPQB3PVM9aYm0F312AXDQ==

node-fetch@^3.3.2:
  version "3.3.2"
  resolved "https://registry.yarnpkg.com/node-fetch/-/node-fetch-3.3.2.tgz#d1e889bacdf733b4ff3b2b243eb7a12866a0b78b"
  integrity sha512-dRB78srN/l6gqWulah9SrxeYnxeddIG30+GOqK/9OlLVyLg3HPnr6SqOWTWOXKRwC2eGYCkZ59NNuSgvSrpgOA==
  dependencies:
    data-uri-to-buffer "^4.0.0"
    fetch-blob "^3.1.4"
    formdata-polyfill "^4.0.10"

node-gyp-build-optional-packages@5.1.1:
  version "5.1.1"
  resolved "https://registry.yarnpkg.com/node-gyp-build-optional-packages/-/node-gyp-build-optional-packages-5.1.1.tgz#52b143b9dd77b7669073cbfe39e3f4118bfc603c"
  integrity sha512-+P72GAjVAbTxjjwUmwjVrqrdZROD4nf8KgpBoDxqXXTiYZZt/ud60dE5yvCSr9lRO8e8yv6kgJIC0K0PfZFVQw==
  dependencies:
    detect-libc "^2.0.1"

path-key@^3.1.0:
  version "3.1.1"
  resolved "https://registry.yarnpkg.com/path-key/-/path-key-3.1.1.tgz#581f6ade658cbba65a0d3380de7753295054f375"
  integrity sha512-ojmeN0qd+y0jszEtoY48r0Peq5dwMEkIlCOu6Q5f41lfkswXuKtYrhgoTpLnyIcHm24Uhqx+5Tqm2InSwLhE6Q==

path-scurry@^1.10.1:
  version "1.10.1"
  resolved "https://registry.yarnpkg.com/path-scurry/-/path-scurry-1.10.1.tgz#9ba6bf5aa8500fe9fd67df4f0d9483b2b0bfc698"
  integrity sha512-MkhCqzzBEpPvxxQ71Md0b1Kk51W01lrYvlMzSUaIzNsODdd7mqhiimSZlr+VegAz5Z6Vzt9Xg2ttE//XBhH3EQ==
  dependencies:
    lru-cache "^9.1.1 || ^10.0.0"
    minipass "^5.0.0 || ^6.0.2 || ^7.0.0"

prettier@3.2.5:
  version "3.2.5"
  resolved "https://registry.yarnpkg.com/prettier/-/prettier-3.2.5.tgz#e52bc3090586e824964a8813b09aba6233b28368"
  integrity sha512-3/GWa9aOC0YeD7LUfvOG2NiDyhOWRvt1k+rcKhOuYnMY24iiCphgneUfJDyFXd6rZCAnuLBv6UeAULtrhT/F4A==

propagate@^2.0.0:
  version "2.0.1"
  resolved "https://registry.yarnpkg.com/propagate/-/propagate-2.0.1.tgz#40cdedab18085c792334e64f0ac17256d38f9a45"
  integrity sha512-vGrhOavPSTz4QVNuBNdcNXePNdNMaO1xj9yBeH1ScQPjk/rhg9sSlCXPhMkFuaNNW/syTvYqsnbIJxMBfRbbag==

rxjs@^7.8.1:
  version "7.8.1"
  resolved "https://registry.yarnpkg.com/rxjs/-/rxjs-7.8.1.tgz#6f6f3d99ea8044291efd92e7c7fcf562c4057543"
  integrity sha512-AA3TVj+0A2iuIoQkWEK/tqFjBq2j+6PO6Y0zJcvzLAFhEFIO3HL0vls9hWLncZbAAbK0mar7oZ4V079I/qPMxg==
  dependencies:
    tslib "^2.1.0"

shebang-command@^2.0.0:
  version "2.0.0"
  resolved "https://registry.yarnpkg.com/shebang-command/-/shebang-command-2.0.0.tgz#ccd0af4f8835fbdc265b82461aaf0c36663f34ea"
  integrity sha512-kHxr2zZpYtdmrN1qDjrrX/Z1rR1kG8Dx+gkpK1G4eXmvXswmcE1hTWBWYUzlraYw1/yZp6YuDY77YtvbN0dmDA==
  dependencies:
    shebang-regex "^3.0.0"

shebang-regex@^3.0.0:
  version "3.0.0"
  resolved "https://registry.yarnpkg.com/shebang-regex/-/shebang-regex-3.0.0.tgz#ae16f1644d873ecad843b0307b143362d4c42172"
  integrity sha512-7++dFhtcx3353uBaq8DDR4NuxBetBzC7ZQOhmTQInHEd6bSrXdiEyzCvG07Z44UYdLShWUyXt5M/yhz8ekcb1A==

signal-exit@^4.0.1:
  version "4.1.0"
  resolved "https://registry.yarnpkg.com/signal-exit/-/signal-exit-4.1.0.tgz#952188c1cbd546070e2dd20d0f41c0ae0530cb04"
  integrity sha512-bzyZ1e88w9O1iNJbKnOlvYTrWPDl46O1bG0D3XInv+9tkPrxrN8jUUTiFlDkkmKWgn1M6CfIA13SuGqOa9Korw==

smoldot@2.0.7:
  version "2.0.7"
  resolved "https://registry.yarnpkg.com/smoldot/-/smoldot-2.0.7.tgz#407efd6bbb82a074612db4d056d631d8d615f442"
  integrity sha512-VAOBqEen6vises36/zgrmAT1GWk2qE3X8AGnO7lmQFdskbKx8EovnwS22rtPAG+Y1Rk23/S22kDJUdPANyPkBA==
  dependencies:
    ws "^8.8.1"

"string-width-cjs@npm:string-width@^4.2.0", string-width@^4.1.0:
  version "4.2.3"
  resolved "https://registry.yarnpkg.com/string-width/-/string-width-4.2.3.tgz#269c7117d27b05ad2e536830a8ec895ef9c6d010"
  integrity sha512-wKyQRQpjJ0sIp62ErSZdGsjMJWsap5oRNihHhu6G7JVO/9jIB6UyevL+tXuOqrng8j/cxKTWyWUwvSTriiZz/g==
  dependencies:
    emoji-regex "^8.0.0"
    is-fullwidth-code-point "^3.0.0"
    strip-ansi "^6.0.1"

string-width@^5.0.1, string-width@^5.1.2:
  version "5.1.2"
  resolved "https://registry.yarnpkg.com/string-width/-/string-width-5.1.2.tgz#14f8daec6d81e7221d2a357e668cab73bdbca794"
  integrity sha512-HnLOCR3vjcY8beoNLtcjZ5/nxn2afmME6lhrDrebokqMap+XbeW8n9TXpPDOqdGK5qcI3oT0GKTW6wC7EMiVqA==
  dependencies:
    eastasianwidth "^0.2.0"
    emoji-regex "^9.2.2"
    strip-ansi "^7.0.1"

"strip-ansi-cjs@npm:strip-ansi@^6.0.1", strip-ansi@^6.0.0, strip-ansi@^6.0.1:
  version "6.0.1"
  resolved "https://registry.yarnpkg.com/strip-ansi/-/strip-ansi-6.0.1.tgz#9e26c63d30f53443e9489495b2105d37b67a85d9"
  integrity sha512-Y38VPSHcqkFrCpFnQ9vuSXmquuv5oXOKpGeT6aGrr3o3Gc9AlVa6JBfUSOCnbxGGZF+/0ooI7KrPuUSztUdU5A==
  dependencies:
    ansi-regex "^5.0.1"

strip-ansi@^7.0.1:
  version "7.1.0"
  resolved "https://registry.yarnpkg.com/strip-ansi/-/strip-ansi-7.1.0.tgz#d5b6568ca689d8561370b0707685d22434faff45"
  integrity sha512-iq6eVVI64nQQTRYq2KtEg2d2uU7LElhTJwsH4YzIHZshxlgZms/wIc4VoDQTlG/IvVIrBKG06CrZnp0qv7hkcQ==
  dependencies:
    ansi-regex "^6.0.1"

tslib@^2.1.0, tslib@^2.6.2:
  version "2.6.2"
  resolved "https://registry.yarnpkg.com/tslib/-/tslib-2.6.2.tgz#703ac29425e7b37cd6fd456e92404d46d1f3e4ae"
  integrity sha512-AEYxH93jGFPn/a2iVAwW87VuUIkR1FVUKB77NwMF7nBTDkDrrT/Hpt/IrCJ0QXhW27jTBDcf5ZY7w6RiqTMw2Q==

tweetnacl@^1.0.3:
  version "1.0.3"
  resolved "https://registry.yarnpkg.com/tweetnacl/-/tweetnacl-1.0.3.tgz#ac0af71680458d8a6378d0d0d050ab1407d35596"
  integrity sha512-6rt+RN7aOi1nGMyC4Xa5DdYiukl2UWCbcJft7YhxReBGQD7OAM8Pbxw6YMo4r2diNEA8FEmu32YOn9rhaiE5yw==

typescript@^4.8.3:
  version "4.9.5"
  resolved "https://registry.yarnpkg.com/typescript/-/typescript-4.9.5.tgz#095979f9bcc0d09da324d58d03ce8f8374cbe65a"
  integrity sha512-1FXk9E2Hm+QzZQ7z+McJiHL4NW1F2EzMu9Nq9i3zAaGqibafqYwCVU6WyWAuyQRRzOlxou8xZSyXLEN8oKj24g==

undici-types@~5.26.4:
  version "5.26.5"
  resolved "https://registry.yarnpkg.com/undici-types/-/undici-types-5.26.5.tgz#bcd539893d00b56e964fd2657a4866b221a65617"
  integrity sha512-JlCMO+ehdEIKqlFxk6IfVoAUVmgz7cU7zD/h9XZ0qzeosSHmUJVOzSQvvYSYWXkFXC+IfLKSIffhv0sVZup6pA==

uuid@^9.0.1:
  version "9.0.1"
  resolved "https://registry.yarnpkg.com/uuid/-/uuid-9.0.1.tgz#e188d4c8853cc722220392c424cd637f32293f30"
  integrity sha512-b+1eJOlsR9K8HJpow9Ok3fiWOWSIcIzXodvv0rQjVoOVNpWMpxf1wZNpt4y9h10odCNrqnYp1OBzRktckBe3sA==

web-streams-polyfill@^3.0.3:
  version "3.3.2"
  resolved "https://registry.yarnpkg.com/web-streams-polyfill/-/web-streams-polyfill-3.3.2.tgz#32e26522e05128203a7de59519be3c648004343b"
  integrity sha512-3pRGuxRF5gpuZc0W+EpwQRmCD7gRqcDOMt688KmdlDAgAyaB1XlN0zq2njfDNm44XVdIouE7pZ6GzbdyH47uIQ==

which@^2.0.1:
  version "2.0.2"
  resolved "https://registry.yarnpkg.com/which/-/which-2.0.2.tgz#7c6a8dd0a636a0327e10b59c9286eee93f3f51b1"
  integrity sha512-BLI3Tl1TW3Pvl70l3yq3Y64i+awpwXqsGBYWkkqMtnbXgrMD+yj7rhW0kuEDxzJaYXGjEW5ogapKNMEKNMjibA==
  dependencies:
    isexe "^2.0.0"

"wrap-ansi-cjs@npm:wrap-ansi@^7.0.0":
  version "7.0.0"
  resolved "https://registry.yarnpkg.com/wrap-ansi/-/wrap-ansi-7.0.0.tgz#67e145cff510a6a6984bdf1152911d69d2eb9e43"
  integrity sha512-YVGIj2kamLSTxw6NsZjoBxfSwsn0ycdesmc4p+Q21c5zPuZ1pl+NfxVdxPtdHvmNVOQ6XSYG4AUtyt/Fi7D16Q==
  dependencies:
    ansi-styles "^4.0.0"
    string-width "^4.1.0"
    strip-ansi "^6.0.0"

wrap-ansi@^8.1.0:
  version "8.1.0"
  resolved "https://registry.yarnpkg.com/wrap-ansi/-/wrap-ansi-8.1.0.tgz#56dc22368ee570face1b49819975d9b9a5ead214"
  integrity sha512-si7QWI6zUMq56bESFvagtmzMdGOtoxfR+Sez11Mobfc7tm+VkUckk9bW2UeffTGVUbOksxmSw0AA2gs8g71NCQ==
  dependencies:
    ansi-styles "^6.1.0"
    string-width "^5.0.1"
    strip-ansi "^7.0.1"

ws@^8.15.1, ws@^8.8.1:
  version "8.16.0"
  resolved "https://registry.yarnpkg.com/ws/-/ws-8.16.0.tgz#d1cd774f36fbc07165066a60e40323eab6446fd4"
  integrity sha512-HS0c//TP7Ina87TfiPUz1rQzMhHrl/SG2guqRcTOIUYD2q8uhUdNHZYJUaQ8aTGPzCh+c6oawMKW35nFl1dxyQ==
