# THIS IS AN AUTOGENERATED FILE. DO NOT EDIT THIS FILE DIRECTLY.
# yarn lockfile v1


"@cbor-extract/cbor-extract-darwin-arm64@2.2.0":
  version "2.2.0"
  resolved "https://registry.yarnpkg.com/@cbor-extract/cbor-extract-darwin-arm64/-/cbor-extract-darwin-arm64-2.2.0.tgz#8d65cb861a99622e1b4a268e2d522d2ec6137338"
  integrity sha512-P7swiOAdF7aSi0H+tHtHtr6zrpF3aAq/W9FXx5HektRvLTM2O89xCyXF3pk7pLc7QpaY7AoaE8UowVf9QBdh3w==

"@cbor-extract/cbor-extract-darwin-x64@2.2.0":
  version "2.2.0"
  resolved "https://registry.yarnpkg.com/@cbor-extract/cbor-extract-darwin-x64/-/cbor-extract-darwin-x64-2.2.0.tgz#9fbec199c888c5ec485a1839f4fad0485ab6c40a"
  integrity sha512-1liF6fgowph0JxBbYnAS7ZlqNYLf000Qnj4KjqPNW4GViKrEql2MgZnAsExhY9LSy8dnvA4C0qHEBgPrll0z0w==

"@cbor-extract/cbor-extract-linux-arm64@2.2.0":
  version "2.2.0"
  resolved "https://registry.yarnpkg.com/@cbor-extract/cbor-extract-linux-arm64/-/cbor-extract-linux-arm64-2.2.0.tgz#bf77e0db4a1d2200a5aa072e02210d5043e953ae"
  integrity sha512-rQvhNmDuhjTVXSPFLolmQ47/ydGOFXtbR7+wgkSY0bdOxCFept1hvg59uiLPT2fVDuJFuEy16EImo5tE2x3RsQ==

"@cbor-extract/cbor-extract-linux-arm@2.2.0":
  version "2.2.0"
  resolved "https://registry.yarnpkg.com/@cbor-extract/cbor-extract-linux-arm/-/cbor-extract-linux-arm-2.2.0.tgz#491335037eb8533ed8e21b139c59f6df04e39709"
  integrity sha512-QeBcBXk964zOytiedMPQNZr7sg0TNavZeuUCD6ON4vEOU/25+pLhNN6EDIKJ9VLTKaZ7K7EaAriyYQ1NQ05s/Q==

"@cbor-extract/cbor-extract-linux-x64@2.2.0":
  version "2.2.0"
  resolved "https://registry.yarnpkg.com/@cbor-extract/cbor-extract-linux-x64/-/cbor-extract-linux-x64-2.2.0.tgz#672574485ccd24759bf8fb8eab9dbca517d35b97"
  integrity sha512-cWLAWtT3kNLHSvP4RKDzSTX9o0wvQEEAj4SKvhWuOVZxiDAeQazr9A+PSiRILK1VYMLeDml89ohxCnUNQNQNCw==

"@cbor-extract/cbor-extract-win32-x64@2.2.0":
  version "2.2.0"
  resolved "https://registry.yarnpkg.com/@cbor-extract/cbor-extract-win32-x64/-/cbor-extract-win32-x64-2.2.0.tgz#4b3f07af047f984c082de34b116e765cb9af975f"
  integrity sha512-l2M+Z8DO2vbvADOBNLbbh9y5ST1RY5sqkWOg/58GkUPBYou/cuNZ68SGQ644f1CvZ8kcOxyZtw06+dxWHIoN/w==

"@cord.network/asset@0.9.3-1rc20":
  version "0.9.3-1rc20"
  resolved "https://registry.yarnpkg.com/@cord.network/asset/-/asset-0.9.3-1rc20.tgz#53389e287666629e8ef5b9f228c94e6c46a40e27"
  integrity sha512-3KSnjcwH7rLpN1MCdEl03S0WVe2a5YVOpyCjs65JFyylTsvKqO4aXXcRuiSZJA60Alxi8ZwS6EilRUpluQHrRA==
  dependencies:
    "@cord.network/config" "0.9.3-1rc20"
    "@cord.network/did" "0.9.3-1rc20"
    "@cord.network/identifier" "0.9.3-1rc20"
    "@cord.network/network" "0.9.3-1rc20"
    "@cord.network/types" "0.9.3-1rc20"
    "@cord.network/utils" "0.9.3-1rc20"

"@cord.network/augment-api@0.9.3-1rc20":
  version "0.9.3-1rc20"
  resolved "https://registry.yarnpkg.com/@cord.network/augment-api/-/augment-api-0.9.3-1rc20.tgz#e3a826a6a5ccc93d6e4e1e8a6e4368b1b4b431be"
  integrity sha512-xuYcgveqL/JwamiWnnOL74i14TjkkS++ijs67hjfsy+hncTSqX3xGFdkpSLcfN6f6FxavVDoi7GfuNT4m4S/wQ==
  dependencies:
    "@cord.network/type-definitions" "0.9.3-1rc20"
    "@polkadot/rpc-augment" "^10.12.2"
    "@polkadot/rpc-core" "^10.12.2"
    "@polkadot/rpc-provider" "^10.12.2"

"@cord.network/chain-space@0.9.3-1rc20":
  version "0.9.3-1rc20"
  resolved "https://registry.yarnpkg.com/@cord.network/chain-space/-/chain-space-0.9.3-1rc20.tgz#108fd9b55625f827294a853260c57cb92a42249a"
  integrity sha512-h52UPAABssAE1CzNtVUmugq7A36qRwN/GIm0UgcD8CBZSg4fj3gZwgE151H03Hk3DXgRpwiWpT/wQBLII78CCw==
  dependencies:
    "@cord.network/config" "0.9.3-1rc20"
    "@cord.network/did" "0.9.3-1rc20"
    "@cord.network/identifier" "0.9.3-1rc20"
    "@cord.network/network" "0.9.3-1rc20"
    "@cord.network/types" "0.9.3-1rc20"
    "@cord.network/utils" "0.9.3-1rc20"

"@cord.network/config@0.9.3-1rc20":
  version "0.9.3-1rc20"
  resolved "https://registry.yarnpkg.com/@cord.network/config/-/config-0.9.3-1rc20.tgz#2e21eda4a1248d07d4b403041b6b88153d9fc42e"
  integrity sha512-6GwOhBC36BQRsyA1mvUTNVSuxFDn6p19QRmA1A+6TMrOQDvNdXByk7F7yXqwGMB/u2BIvxYjwjbRXb/RKctC9Q==
  dependencies:
    "@cord.network/type-definitions" "0.9.3-1rc20"
    "@cord.network/types" "0.9.3-1rc20"
    "@cord.network/utils" "0.9.3-1rc20"

"@cord.network/did@0.9.3-1rc20":
  version "0.9.3-1rc20"
  resolved "https://registry.yarnpkg.com/@cord.network/did/-/did-0.9.3-1rc20.tgz#4542d45148a49c217841a9241d3975dfd0fee307"
  integrity sha512-QpdtbFur88nCSGbsim7t50JpcMyGdhj91xm1fV+KHRs9UQo2NxAC+fcdAf/BM34GM299RwU1VZDteVe4xaomrQ==
  dependencies:
    "@cord.network/augment-api" "0.9.3-1rc20"
    "@cord.network/config" "0.9.3-1rc20"
    "@cord.network/network" "0.9.3-1rc20"
    "@cord.network/types" "0.9.3-1rc20"
    "@cord.network/utils" "0.9.3-1rc20"
    "@digitalbazaar/security-context" "^1.0.1"
    "@polkadot/api" "^10.12.2"
    "@polkadot/keyring" "^12.6.2"
    "@polkadot/types" "^10.12.2"
    "@polkadot/types-codec" "^10.12.2"
    "@polkadot/util" "^12.6.2"
    "@polkadot/util-crypto" "^12.6.2"

"@cord.network/identifier@0.9.3-1rc20":
  version "0.9.3-1rc20"
  resolved "https://registry.yarnpkg.com/@cord.network/identifier/-/identifier-0.9.3-1rc20.tgz#8bcbf0d0df50c79a9df28ac7d6f2886729d56405"
  integrity sha512-0unZ2viBaPGSapeYngRkwX0hl7Vq/rP4qb7z34ITeaSM/GkAL1fkIc3WBPqTDtCyJ1JOhOycskmT/4QBM+sFHQ==
  dependencies:
    "@cord.network/types" "0.9.3-1rc20"
    "@cord.network/utils" "0.9.3-1rc20"

"@cord.network/network-score@0.9.3-1rc20":
  version "0.9.3-1rc20"
  resolved "https://registry.yarnpkg.com/@cord.network/network-score/-/network-score-0.9.3-1rc20.tgz#6e8e652e95f9c23d01976714bd4211b96ff0fc3c"
  integrity sha512-VTvhdeSelija/XCd4QfIRfab6VJGa1V9uve7Nq9ZqZ+qRqpuvdSEP//JrQ1yKEurvF0t23+wPKrby5UPQdC+/Q==
  dependencies:
    "@cord.network/config" "0.9.3-1rc20"
    "@cord.network/did" "0.9.3-1rc20"
    "@cord.network/identifier" "0.9.3-1rc20"
    "@cord.network/network" "0.9.3-1rc20"
    "@cord.network/types" "0.9.3-1rc20"
    "@cord.network/utils" "0.9.3-1rc20"

"@cord.network/network@0.9.3-1rc20":
  version "0.9.3-1rc20"
  resolved "https://registry.yarnpkg.com/@cord.network/network/-/network-0.9.3-1rc20.tgz#206328144236b4cdd9042d08d9d44277d22077f7"
  integrity sha512-2Pw3D0Xwu8kG3NhezjS6n2ncmoDeTnxre83u519m79+trecb2UanIHis7c0PbnyEXwGnZ9DHJagHTzWnaILsFQ==
  dependencies:
    "@cord.network/config" "0.9.3-1rc20"
    "@cord.network/types" "0.9.3-1rc20"
    "@cord.network/utils" "0.9.3-1rc20"
    "@polkadot/api" "^10.12.2"
    "@polkadot/types" "^10.12.2"

"@cord.network/registries@0.9.3-1rc20":
  version "0.9.3-1rc20"
  resolved "https://registry.yarnpkg.com/@cord.network/registries/-/registries-0.9.3-1rc20.tgz#0c6a9e0a0017e211c0e424ae8e74c7ae6dbd601f"
  integrity sha512-3vufoqoZJLyQP5Uq/yow1n6ljskM4NgLypCFlWk/o13CLl1duJ5QO2+8E77xbbZOPSurGnZf6ZVruLZIQe5/nA==
  dependencies:
    "@cord.network/config" "0.9.3-1rc20"
    "@cord.network/identifier" "0.9.3-1rc20"
    "@cord.network/network" "0.9.3-1rc20"
    "@cord.network/types" "0.9.3-1rc20"
    "@cord.network/utils" "0.9.3-1rc20"

"@cord.network/schema@0.9.3-1rc20":
  version "0.9.3-1rc20"
  resolved "https://registry.yarnpkg.com/@cord.network/schema/-/schema-0.9.3-1rc20.tgz#2003ccd49eae25706e1c41fe64600707dc1be90c"
  integrity sha512-PV3KmSyrfdthvol26Qow4ZNGUic3nbantjocjoj6hZBG6r7PAZl7WTjEf64cV2cRTiuCJhnt/eMuLJy++/3Yvg==
  dependencies:
    "@cord.network/augment-api" "0.9.3-1rc20"
    "@cord.network/chain-space" "0.9.3-1rc20"
    "@cord.network/config" "0.9.3-1rc20"
    "@cord.network/did" "0.9.3-1rc20"
    "@cord.network/identifier" "0.9.3-1rc20"
    "@cord.network/network" "0.9.3-1rc20"
    "@cord.network/types" "0.9.3-1rc20"
    "@cord.network/utils" "0.9.3-1rc20"

"@cord.network/sdk@0.9.3-1rc20":
  version "0.9.3-1rc20"
  resolved "https://registry.yarnpkg.com/@cord.network/sdk/-/sdk-0.9.3-1rc20.tgz#f40cb91743c56b14dc6cb49a76fe08243e73a572"
  integrity sha512-W8/l6gV7h/QM/xK2sGbd0PY61v2JdUEFN0nKjW+YjruMARiq/PYn+G5iKFj57G7N9xosqBGJtCYzG0Xyqf192w==
  dependencies:
    "@cord.network/asset" "0.9.3-1rc20"
    "@cord.network/chain-space" "0.9.3-1rc20"
    "@cord.network/config" "0.9.3-1rc20"
    "@cord.network/did" "0.9.3-1rc20"
    "@cord.network/identifier" "0.9.3-1rc20"
    "@cord.network/network" "0.9.3-1rc20"
    "@cord.network/network-score" "0.9.3-1rc20"
    "@cord.network/registries" "0.9.3-1rc20"
    "@cord.network/schema" "0.9.3-1rc20"
    "@cord.network/statement" "0.9.3-1rc20"
    "@cord.network/types" "0.9.3-1rc20"
    "@cord.network/utils" "0.9.3-1rc20"

"@cord.network/statement@0.9.3-1rc20":
  version "0.9.3-1rc20"
  resolved "https://registry.yarnpkg.com/@cord.network/statement/-/statement-0.9.3-1rc20.tgz#0d042c056520dd3b31e53af3a78209f17ecbf196"
  integrity sha512-KmsWJAacEwkuQdHPRYTlr9ZlRlGWfvZF5Tvf2eGXX0OrlXEkWkMzFI2xe4DMyTUTpB8L2HI3mMrw0F0WKXJbDg==
  dependencies:
    "@cord.network/config" "0.9.3-1rc20"
    "@cord.network/did" "0.9.3-1rc20"
    "@cord.network/identifier" "0.9.3-1rc20"
    "@cord.network/network" "0.9.3-1rc20"
    "@cord.network/types" "0.9.3-1rc20"
    "@cord.network/utils" "0.9.3-1rc20"

"@cord.network/type-definitions@0.9.3-1rc20":
  version "0.9.3-1rc20"
  resolved "https://registry.yarnpkg.com/@cord.network/type-definitions/-/type-definitions-0.9.3-1rc20.tgz#b2a7311f671839347700ac88d655187c31f01bee"
  integrity sha512-02ZCd7AEslITgCBBlBggattPmbHrvyF2Tk6Df/Us3RN9XQRn0EGirik/a7nvbggP6uHUucPxSj4w4MYLSYdkPw==
  dependencies:
    "@polkadot/types" "^10.12.2"

"@cord.network/types@0.9.3-1rc20":
  version "0.9.3-1rc20"
  resolved "https://registry.yarnpkg.com/@cord.network/types/-/types-0.9.3-1rc20.tgz#9ec7479906998158b11d5fa8ba0b25613c11131d"
  integrity sha512-a02nCWQek/2oyQeO5GSH3hPgs+q4efEgrr7FdHMJBH/136hYBNU8zXPwA37k2zSO2cAzzshhJaUTykwrWbgVYQ==
  dependencies:
    "@polkadot/api" "^10.12.2"
    "@polkadot/keyring" "^12.6.2"
    "@polkadot/types" "^10.12.2"
    "@polkadot/util" "^12.6.2"
    "@polkadot/util-crypto" "^12.6.2"

"@cord.network/utils@0.9.3-1rc20":
  version "0.9.3-1rc20"
  resolved "https://registry.yarnpkg.com/@cord.network/utils/-/utils-0.9.3-1rc20.tgz#5aa2f8b63d35a31b12cae2b51be400f4ef83a595"
  integrity sha512-pLH+2JnwlQOSLz7Bnt4JxJl6yx8jYt4YRgeqtK1Uk5JIlT1hLyvhPSTBzjTfmhminqBoaN9uvJddW2HkN0e5ww==
  dependencies:
    "@cord.network/types" "0.9.3-1rc20"
    "@polkadot/api" "^10.12.2"
    "@polkadot/keyring" "^12.6.2"
    "@polkadot/util" "^12.6.2"
    "@polkadot/util-crypto" "^12.6.2"
    cbor-x "^1.5.8"
    tweetnacl "^1.0.3"
    uuid "^9.0.1"

"@digitalbazaar/security-context@^1.0.1":
  version "1.0.1"
  resolved "https://registry.yarnpkg.com/@digitalbazaar/security-context/-/security-context-1.0.1.tgz#badc4b8da03411a32d4e7321ce7c4b355776b410"
  integrity sha512-0WZa6tPiTZZF8leBtQgYAfXQePFQp2z5ivpCEN/iZguYYZ0TB9qRmWtan5XH6mNFuusHtMcyIzAcReyE6rZPhA==

"@noble/curves@^1.3.0":
  version "1.4.0"
  resolved "https://registry.yarnpkg.com/@noble/curves/-/curves-1.4.0.tgz#f05771ef64da724997f69ee1261b2417a49522d6"
  integrity sha512-p+4cb332SFCrReJkCYe8Xzm0OWi4Jji5jVdIZRL/PmacmDkFNw6MrrV+gGpiPxLHbV+zKFRywUWbaseT+tZRXg==
  dependencies:
    "@noble/hashes" "1.4.0"

"@noble/hashes@1.4.0", "@noble/hashes@^1.3.1", "@noble/hashes@^1.3.3":
  version "1.4.0"
  resolved "https://registry.yarnpkg.com/@noble/hashes/-/hashes-1.4.0.tgz#45814aa329f30e4fe0ba49426f49dfccdd066426"
  integrity sha512-V1JJ1WTRUqHHrOSh597hURcMqVKVGL/ea3kv0gSnEdsEZ0/+VyPghM1lMNGc00z7CIQorSvbKpuJkxvuHbvdbg==

"@polkadot-api/client@0.0.1-492c132563ea6b40ae1fc5470dec4cd18768d182.1.0":
  version "0.0.1-492c132563ea6b40ae1fc5470dec4cd18768d182.1.0"
  resolved "https://registry.yarnpkg.com/@polkadot-api/client/-/client-0.0.1-492c132563ea6b40ae1fc5470dec4cd18768d182.1.0.tgz#5d6b863f63f5c6ecd4183fcf0c5c84dd349f7627"
  integrity sha512-0fqK6pUKcGHSG2pBvY+gfSS+1mMdjd/qRygAcKI5d05tKsnZLRnmhb9laDguKmGEIB0Bz9vQqNK3gIN/cfvVwg==
  dependencies:
    "@polkadot-api/metadata-builders" "0.0.1-492c132563ea6b40ae1fc5470dec4cd18768d182.1.0"
    "@polkadot-api/substrate-bindings" "0.0.1-492c132563ea6b40ae1fc5470dec4cd18768d182.1.0"
    "@polkadot-api/substrate-client" "0.0.1-492c132563ea6b40ae1fc5470dec4cd18768d182.1.0"
    "@polkadot-api/utils" "0.0.1-492c132563ea6b40ae1fc5470dec4cd18768d182.1.0"

"@polkadot-api/json-rpc-provider-proxy@0.0.1-492c132563ea6b40ae1fc5470dec4cd18768d182.1.0":
  version "0.0.1-492c132563ea6b40ae1fc5470dec4cd18768d182.1.0"
  resolved "https://registry.yarnpkg.com/@polkadot-api/json-rpc-provider-proxy/-/json-rpc-provider-proxy-0.0.1-492c132563ea6b40ae1fc5470dec4cd18768d182.1.0.tgz#cc28fb801db6a47824261a709ab924ec6951eb96"
  integrity sha512-0hZ8vtjcsyCX8AyqP2sqUHa1TFFfxGWmlXJkit0Nqp9b32MwZqn5eaUAiV2rNuEpoglKOdKnkGtUF8t5MoodKw==

"@polkadot-api/json-rpc-provider@0.0.1-492c132563ea6b40ae1fc5470dec4cd18768d182.1.0":
  version "0.0.1-492c132563ea6b40ae1fc5470dec4cd18768d182.1.0"
  resolved "https://registry.yarnpkg.com/@polkadot-api/json-rpc-provider/-/json-rpc-provider-0.0.1-492c132563ea6b40ae1fc5470dec4cd18768d182.1.0.tgz#2f71bfb192d28dd4c400ef8b1c5f934c676950f3"
  integrity sha512-EaUS9Fc3wsiUr6ZS43PQqaRScW7kM6DYbuM/ou0aYjm8N9MBqgDbGm2oL6RE1vAVmOfEuHcXZuZkhzWtyvQUtA==

"@polkadot-api/metadata-builders@0.0.1-492c132563ea6b40ae1fc5470dec4cd18768d182.1.0":
  version "0.0.1-492c132563ea6b40ae1fc5470dec4cd18768d182.1.0"
  resolved "https://registry.yarnpkg.com/@polkadot-api/metadata-builders/-/metadata-builders-0.0.1-492c132563ea6b40ae1fc5470dec4cd18768d182.1.0.tgz#085db2a3c7b100626b2fae3be35a32a24ea7714f"
  integrity sha512-BD7rruxChL1VXt0icC2gD45OtT9ofJlql0qIllHSRYgama1CR2Owt+ApInQxB+lWqM+xNOznZRpj8CXNDvKIMg==
  dependencies:
    "@polkadot-api/substrate-bindings" "0.0.1-492c132563ea6b40ae1fc5470dec4cd18768d182.1.0"
    "@polkadot-api/utils" "0.0.1-492c132563ea6b40ae1fc5470dec4cd18768d182.1.0"

"@polkadot-api/substrate-bindings@0.0.1-492c132563ea6b40ae1fc5470dec4cd18768d182.1.0":
  version "0.0.1-492c132563ea6b40ae1fc5470dec4cd18768d182.1.0"
  resolved "https://registry.yarnpkg.com/@polkadot-api/substrate-bindings/-/substrate-bindings-0.0.1-492c132563ea6b40ae1fc5470dec4cd18768d182.1.0.tgz#f836a554a9ead6fb6356079c725cd53f87238932"
  integrity sha512-N4vdrZopbsw8k57uG58ofO7nLXM4Ai7835XqakN27MkjXMp5H830A1KJE0L9sGQR7ukOCDEIHHcwXVrzmJ/PBg==
  dependencies:
    "@noble/hashes" "^1.3.1"
    "@polkadot-api/utils" "0.0.1-492c132563ea6b40ae1fc5470dec4cd18768d182.1.0"
    "@scure/base" "^1.1.1"
    scale-ts "^1.6.0"

"@polkadot-api/substrate-client@0.0.1-492c132563ea6b40ae1fc5470dec4cd18768d182.1.0":
  version "0.0.1-492c132563ea6b40ae1fc5470dec4cd18768d182.1.0"
  resolved "https://registry.yarnpkg.com/@polkadot-api/substrate-client/-/substrate-client-0.0.1-492c132563ea6b40ae1fc5470dec4cd18768d182.1.0.tgz#55ae463f4143495e328465dd16b03e71663ef4c4"
  integrity sha512-lcdvd2ssUmB1CPzF8s2dnNOqbrDa+nxaaGbuts+Vo8yjgSKwds2Lo7Oq+imZN4VKW7t9+uaVcKFLMF7PdH0RWw==

"@polkadot-api/utils@0.0.1-492c132563ea6b40ae1fc5470dec4cd18768d182.1.0":
  version "0.0.1-492c132563ea6b40ae1fc5470dec4cd18768d182.1.0"
  resolved "https://registry.yarnpkg.com/@polkadot-api/utils/-/utils-0.0.1-492c132563ea6b40ae1fc5470dec4cd18768d182.1.0.tgz#759698dcf948745ea37cc5ab6abd49a00f1b0c31"
  integrity sha512-0CYaCjfLQJTCRCiYvZ81OncHXEKPzAexCMoVloR+v2nl/O2JRya/361MtPkeNLC6XBoaEgLAG9pWQpH3WePzsw==

"@polkadot/api-augment@10.13.1":
  version "10.13.1"
  resolved "https://registry.yarnpkg.com/@polkadot/api-augment/-/api-augment-10.13.1.tgz#dd3670a2f1a581c38b857ad3b0805b6581099c63"
  integrity sha512-IAKaCp19QxgOG4HKk9RAgUgC/VNVqymZ2GXfMNOZWImZhxRIbrK+raH5vN2MbWwtVHpjxyXvGsd1RRhnohI33A==
  dependencies:
    "@polkadot/api-base" "10.13.1"
    "@polkadot/rpc-augment" "10.13.1"
    "@polkadot/types" "10.13.1"
    "@polkadot/types-augment" "10.13.1"
    "@polkadot/types-codec" "10.13.1"
    "@polkadot/util" "^12.6.2"
    tslib "^2.6.2"

"@polkadot/api-base@10.13.1":
  version "10.13.1"
  resolved "https://registry.yarnpkg.com/@polkadot/api-base/-/api-base-10.13.1.tgz#efed5bb31e38244b6a68ce56138b97ad82101426"
  integrity sha512-Okrw5hjtEjqSMOG08J6qqEwlUQujTVClvY1/eZkzKwNzPelWrtV6vqfyJklB7zVhenlxfxqhZKKcY7zWSW/q5Q==
  dependencies:
    "@polkadot/rpc-core" "10.13.1"
    "@polkadot/types" "10.13.1"
    "@polkadot/util" "^12.6.2"
    rxjs "^7.8.1"
    tslib "^2.6.2"

"@polkadot/api-derive@10.13.1":
  version "10.13.1"
  resolved "https://registry.yarnpkg.com/@polkadot/api-derive/-/api-derive-10.13.1.tgz#d8827ee83124f3b3f664c415cdde9c6b909e5145"
  integrity sha512-ef0H0GeCZ4q5Om+c61eLLLL29UxFC2/u/k8V1K2JOIU+2wD5LF7sjAoV09CBMKKHfkLenRckVk2ukm4rBqFRpg==
  dependencies:
    "@polkadot/api" "10.13.1"
    "@polkadot/api-augment" "10.13.1"
    "@polkadot/api-base" "10.13.1"
    "@polkadot/rpc-core" "10.13.1"
    "@polkadot/types" "10.13.1"
    "@polkadot/types-codec" "10.13.1"
    "@polkadot/util" "^12.6.2"
    "@polkadot/util-crypto" "^12.6.2"
    rxjs "^7.8.1"
    tslib "^2.6.2"

"@polkadot/api@10.13.1", "@polkadot/api@^10.12.2":
  version "10.13.1"
  resolved "https://registry.yarnpkg.com/@polkadot/api/-/api-10.13.1.tgz#47586c070d3fe13a0acc93a8aa9c3a53791284fb"
  integrity sha512-YrKWR4TQR5CDyGkF0mloEUo7OsUA+bdtENpJGOtNavzOQUDEbxFE0PVzokzZfVfHhHX2CojPVmtzmmLxztyJkg==
  dependencies:
    "@polkadot/api-augment" "10.13.1"
    "@polkadot/api-base" "10.13.1"
    "@polkadot/api-derive" "10.13.1"
    "@polkadot/keyring" "^12.6.2"
    "@polkadot/rpc-augment" "10.13.1"
    "@polkadot/rpc-core" "10.13.1"
    "@polkadot/rpc-provider" "10.13.1"
    "@polkadot/types" "10.13.1"
    "@polkadot/types-augment" "10.13.1"
    "@polkadot/types-codec" "10.13.1"
    "@polkadot/types-create" "10.13.1"
    "@polkadot/types-known" "10.13.1"
    "@polkadot/util" "^12.6.2"
    "@polkadot/util-crypto" "^12.6.2"
    eventemitter3 "^5.0.1"
    rxjs "^7.8.1"
    tslib "^2.6.2"

"@polkadot/keyring@^12.6.2":
  version "12.6.2"
  resolved "https://registry.yarnpkg.com/@polkadot/keyring/-/keyring-12.6.2.tgz#6067e6294fee23728b008ac116e7e9db05cecb9b"
  integrity sha512-O3Q7GVmRYm8q7HuB3S0+Yf/q/EB2egKRRU3fv9b3B7V+A52tKzA+vIwEmNVaD1g5FKW9oB97rmpggs0zaKFqHw==
  dependencies:
    "@polkadot/util" "12.6.2"
    "@polkadot/util-crypto" "12.6.2"
    tslib "^2.6.2"

"@polkadot/networks@12.6.2", "@polkadot/networks@^12.6.2":
  version "12.6.2"
  resolved "https://registry.yarnpkg.com/@polkadot/networks/-/networks-12.6.2.tgz#791779fee1d86cc5b6cd371858eea9b7c3f8720d"
  integrity sha512-1oWtZm1IvPWqvMrldVH6NI2gBoCndl5GEwx7lAuQWGr7eNL+6Bdc5K3Z9T0MzFvDGoi2/CBqjX9dRKo39pDC/w==
  dependencies:
    "@polkadot/util" "12.6.2"
    "@substrate/ss58-registry" "^1.44.0"
    tslib "^2.6.2"

"@polkadot/rpc-augment@10.13.1", "@polkadot/rpc-augment@^10.12.2":
  version "10.13.1"
  resolved "https://registry.yarnpkg.com/@polkadot/rpc-augment/-/rpc-augment-10.13.1.tgz#83317b46c5ab86104cca2bdc336199db0c25b798"
  integrity sha512-iLsWUW4Jcx3DOdVrSHtN0biwxlHuTs4QN2hjJV0gd0jo7W08SXhWabZIf9mDmvUJIbR7Vk+9amzvegjRyIf5+A==
  dependencies:
    "@polkadot/rpc-core" "10.13.1"
    "@polkadot/types" "10.13.1"
    "@polkadot/types-codec" "10.13.1"
    "@polkadot/util" "^12.6.2"
    tslib "^2.6.2"

"@polkadot/rpc-core@10.13.1", "@polkadot/rpc-core@^10.12.2":
  version "10.13.1"
  resolved "https://registry.yarnpkg.com/@polkadot/rpc-core/-/rpc-core-10.13.1.tgz#a7ea9db8997b68aa6724f28ba76125a73e925575"
  integrity sha512-eoejSHa+/tzHm0vwic62/aptTGbph8vaBpbvLIK7gd00+rT813ROz5ckB1CqQBFB23nHRLuzzX/toY8ID3xrKw==
  dependencies:
    "@polkadot/rpc-augment" "10.13.1"
    "@polkadot/rpc-provider" "10.13.1"
    "@polkadot/types" "10.13.1"
    "@polkadot/util" "^12.6.2"
    rxjs "^7.8.1"
    tslib "^2.6.2"

"@polkadot/rpc-provider@10.13.1", "@polkadot/rpc-provider@^10.12.2":
  version "10.13.1"
  resolved "https://registry.yarnpkg.com/@polkadot/rpc-provider/-/rpc-provider-10.13.1.tgz#7e17f7be7d9a104b797d8f5aa8f1ed69f800f841"
  integrity sha512-oJ7tatVXYJ0L7NpNiGd69D558HG5y5ZDmH2Bp9Dd4kFTQIiV8A39SlWwWUPCjSsen9lqSvvprNLnG/VHTpenbw==
  dependencies:
    "@polkadot/keyring" "^12.6.2"
    "@polkadot/types" "10.13.1"
    "@polkadot/types-support" "10.13.1"
    "@polkadot/util" "^12.6.2"
    "@polkadot/util-crypto" "^12.6.2"
    "@polkadot/x-fetch" "^12.6.2"
    "@polkadot/x-global" "^12.6.2"
    "@polkadot/x-ws" "^12.6.2"
    eventemitter3 "^5.0.1"
    mock-socket "^9.3.1"
    nock "^13.5.0"
    tslib "^2.6.2"
  optionalDependencies:
    "@substrate/connect" "0.8.8"

"@polkadot/types-augment@10.13.1":
  version "10.13.1"
  resolved "https://registry.yarnpkg.com/@polkadot/types-augment/-/types-augment-10.13.1.tgz#8f39a46a1a3e100be03cbae06f43a043cb25c337"
  integrity sha512-TcrLhf95FNFin61qmVgOgayzQB/RqVsSg9thAso1Fh6pX4HSbvI35aGPBAn3SkA6R+9/TmtECirpSNLtIGFn0g==
  dependencies:
    "@polkadot/types" "10.13.1"
    "@polkadot/types-codec" "10.13.1"
    "@polkadot/util" "^12.6.2"
    tslib "^2.6.2"

"@polkadot/types-codec@10.13.1", "@polkadot/types-codec@^10.12.2":
  version "10.13.1"
  resolved "https://registry.yarnpkg.com/@polkadot/types-codec/-/types-codec-10.13.1.tgz#f70cd617160b467685ef3ce5195a04142255ba7b"
  integrity sha512-AiQ2Vv2lbZVxEdRCN8XSERiWlOWa2cTDLnpAId78EnCtx4HLKYQSd+Jk9Y4BgO35R79mchK4iG+w6gZ+ukG2bg==
  dependencies:
    "@polkadot/util" "^12.6.2"
    "@polkadot/x-bigint" "^12.6.2"
    tslib "^2.6.2"

"@polkadot/types-create@10.13.1":
  version "10.13.1"
  resolved "https://registry.yarnpkg.com/@polkadot/types-create/-/types-create-10.13.1.tgz#99470816d0d2ca32a6a5ce6d701b4199e8700f66"
  integrity sha512-Usn1jqrz35SXgCDAqSXy7mnD6j4RvB4wyzTAZipFA6DGmhwyxxIgOzlWQWDb+1PtPKo9vtMzen5IJ+7w5chIeA==
  dependencies:
    "@polkadot/types-codec" "10.13.1"
    "@polkadot/util" "^12.6.2"
    tslib "^2.6.2"

"@polkadot/types-known@10.13.1":
  version "10.13.1"
  resolved "https://registry.yarnpkg.com/@polkadot/types-known/-/types-known-10.13.1.tgz#8cca2d3f2c4ef67849f66ba4a35856063ec61f5f"
  integrity sha512-uHjDW05EavOT5JeU8RbiFWTgPilZ+odsCcuEYIJGmK+es3lk/Qsdns9Zb7U7NJl7eJ6OWmRtyrWsLs+bU+jjIQ==
  dependencies:
    "@polkadot/networks" "^12.6.2"
    "@polkadot/types" "10.13.1"
    "@polkadot/types-codec" "10.13.1"
    "@polkadot/types-create" "10.13.1"
    "@polkadot/util" "^12.6.2"
    tslib "^2.6.2"

"@polkadot/types-support@10.13.1":
  version "10.13.1"
  resolved "https://registry.yarnpkg.com/@polkadot/types-support/-/types-support-10.13.1.tgz#d4b58c8d9bcbb8e897a255d9a66c217dcaa6ead4"
  integrity sha512-4gEPfz36XRQIY7inKq0HXNVVhR6HvXtm7yrEmuBuhM86LE0lQQBkISUSgR358bdn2OFSLMxMoRNoh3kcDvdGDQ==
  dependencies:
    "@polkadot/util" "^12.6.2"
    tslib "^2.6.2"

"@polkadot/types@10.13.1", "@polkadot/types@^10.12.2":
  version "10.13.1"
  resolved "https://registry.yarnpkg.com/@polkadot/types/-/types-10.13.1.tgz#979d652dc11af9cb8b32e7a55839e9762532755d"
  integrity sha512-Hfvg1ZgJlYyzGSAVrDIpp3vullgxrjOlh/CSThd/PI4TTN1qHoPSFm2hs77k3mKkOzg+LrWsLE0P/LP2XddYcw==
  dependencies:
    "@polkadot/keyring" "^12.6.2"
    "@polkadot/types-augment" "10.13.1"
    "@polkadot/types-codec" "10.13.1"
    "@polkadot/types-create" "10.13.1"
    "@polkadot/util" "^12.6.2"
    "@polkadot/util-crypto" "^12.6.2"
    rxjs "^7.8.1"
    tslib "^2.6.2"

"@polkadot/util-crypto@12.6.2", "@polkadot/util-crypto@^12.6.2":
  version "12.6.2"
  resolved "https://registry.yarnpkg.com/@polkadot/util-crypto/-/util-crypto-12.6.2.tgz#d2d51010e8e8ca88951b7d864add797dad18bbfc"
  integrity sha512-FEWI/dJ7wDMNN1WOzZAjQoIcCP/3vz3wvAp5QQm+lOrzOLj0iDmaIGIcBkz8HVm3ErfSe/uKP0KS4jgV/ib+Mg==
  dependencies:
    "@noble/curves" "^1.3.0"
    "@noble/hashes" "^1.3.3"
    "@polkadot/networks" "12.6.2"
    "@polkadot/util" "12.6.2"
    "@polkadot/wasm-crypto" "^7.3.2"
    "@polkadot/wasm-util" "^7.3.2"
    "@polkadot/x-bigint" "12.6.2"
    "@polkadot/x-randomvalues" "12.6.2"
    "@scure/base" "^1.1.5"
    tslib "^2.6.2"

"@polkadot/util@12.6.2", "@polkadot/util@^12.6.2":
  version "12.6.2"
  resolved "https://registry.yarnpkg.com/@polkadot/util/-/util-12.6.2.tgz#9396eff491221e1f0fd28feac55fc16ecd61a8dc"
  integrity sha512-l8TubR7CLEY47240uki0TQzFvtnxFIO7uI/0GoWzpYD/O62EIAMRsuY01N4DuwgKq2ZWD59WhzsLYmA5K6ksdw==
  dependencies:
    "@polkadot/x-bigint" "12.6.2"
    "@polkadot/x-global" "12.6.2"
    "@polkadot/x-textdecoder" "12.6.2"
    "@polkadot/x-textencoder" "12.6.2"
    "@types/bn.js" "^5.1.5"
    bn.js "^5.2.1"
    tslib "^2.6.2"

"@polkadot/wasm-bridge@7.3.2":
  version "7.3.2"
  resolved "https://registry.yarnpkg.com/@polkadot/wasm-bridge/-/wasm-bridge-7.3.2.tgz#e1b01906b19e06cbca3d94f10f5666f2ae0baadc"
  integrity sha512-AJEXChcf/nKXd5Q/YLEV5dXQMle3UNT7jcXYmIffZAo/KI394a+/24PaISyQjoNC0fkzS1Q8T5pnGGHmXiVz2g==
  dependencies:
    "@polkadot/wasm-util" "7.3.2"
    tslib "^2.6.2"

"@polkadot/wasm-crypto-asmjs@7.3.2":
  version "7.3.2"
  resolved "https://registry.yarnpkg.com/@polkadot/wasm-crypto-asmjs/-/wasm-crypto-asmjs-7.3.2.tgz#c6d41bc4b48b5359d57a24ca3066d239f2d70a34"
  integrity sha512-QP5eiUqUFur/2UoF2KKKYJcesc71fXhQFLT3D4ZjG28Mfk2ZPI0QNRUfpcxVQmIUpV5USHg4geCBNuCYsMm20Q==
  dependencies:
    tslib "^2.6.2"

"@polkadot/wasm-crypto-init@7.3.2":
  version "7.3.2"
  resolved "https://registry.yarnpkg.com/@polkadot/wasm-crypto-init/-/wasm-crypto-init-7.3.2.tgz#7e1fe79ba978fb0a4a0f74a92d976299d38bc4b8"
  integrity sha512-FPq73zGmvZtnuJaFV44brze3Lkrki3b4PebxCy9Fplw8nTmisKo9Xxtfew08r0njyYh+uiJRAxPCXadkC9sc8g==
  dependencies:
    "@polkadot/wasm-bridge" "7.3.2"
    "@polkadot/wasm-crypto-asmjs" "7.3.2"
    "@polkadot/wasm-crypto-wasm" "7.3.2"
    "@polkadot/wasm-util" "7.3.2"
    tslib "^2.6.2"

"@polkadot/wasm-crypto-wasm@7.3.2":
  version "7.3.2"
  resolved "https://registry.yarnpkg.com/@polkadot/wasm-crypto-wasm/-/wasm-crypto-wasm-7.3.2.tgz#44e08ed5cf6499ce4a3aa7247071a5d01f6a74f4"
  integrity sha512-15wd0EMv9IXs5Abp1ZKpKKAVyZPhATIAHfKsyoWCEFDLSOA0/K0QGOxzrAlsrdUkiKZOq7uzSIgIDgW8okx2Mw==
  dependencies:
    "@polkadot/wasm-util" "7.3.2"
    tslib "^2.6.2"

"@polkadot/wasm-crypto@^7.3.2":
  version "7.3.2"
  resolved "https://registry.yarnpkg.com/@polkadot/wasm-crypto/-/wasm-crypto-7.3.2.tgz#61bbcd9e591500705c8c591e6aff7654bdc8afc9"
  integrity sha512-+neIDLSJ6jjVXsjyZ5oLSv16oIpwp+PxFqTUaZdZDoA2EyFRQB8pP7+qLsMNk+WJuhuJ4qXil/7XiOnZYZ+wxw==
  dependencies:
    "@polkadot/wasm-bridge" "7.3.2"
    "@polkadot/wasm-crypto-asmjs" "7.3.2"
    "@polkadot/wasm-crypto-init" "7.3.2"
    "@polkadot/wasm-crypto-wasm" "7.3.2"
    "@polkadot/wasm-util" "7.3.2"
    tslib "^2.6.2"

"@polkadot/wasm-util@7.3.2", "@polkadot/wasm-util@^7.3.2":
  version "7.3.2"
  resolved "https://registry.yarnpkg.com/@polkadot/wasm-util/-/wasm-util-7.3.2.tgz#4fe6370d2b029679b41a5c02cd7ebf42f9b28de1"
  integrity sha512-bmD+Dxo1lTZyZNxbyPE380wd82QsX+43mgCm40boyKrRppXEyQmWT98v/Poc7chLuskYb6X8IQ6lvvK2bGR4Tg==
  dependencies:
    tslib "^2.6.2"

"@polkadot/x-bigint@12.6.2", "@polkadot/x-bigint@^12.6.2":
  version "12.6.2"
  resolved "https://registry.yarnpkg.com/@polkadot/x-bigint/-/x-bigint-12.6.2.tgz#59b7a615f205ae65e1ac67194aefde94d3344580"
  integrity sha512-HSIk60uFPX4GOFZSnIF7VYJz7WZA7tpFJsne7SzxOooRwMTWEtw3fUpFy5cYYOeLh17/kHH1Y7SVcuxzVLc74Q==
  dependencies:
    "@polkadot/x-global" "12.6.2"
    tslib "^2.6.2"

"@polkadot/x-fetch@^12.6.2":
  version "12.6.2"
  resolved "https://registry.yarnpkg.com/@polkadot/x-fetch/-/x-fetch-12.6.2.tgz#b1bca028db90263bafbad2636c18d838d842d439"
  integrity sha512-8wM/Z9JJPWN1pzSpU7XxTI1ldj/AfC8hKioBlUahZ8gUiJaOF7K9XEFCrCDLis/A1BoOu7Ne6WMx/vsJJIbDWw==
  dependencies:
    "@polkadot/x-global" "12.6.2"
    node-fetch "^3.3.2"
    tslib "^2.6.2"

"@polkadot/x-global@12.6.2", "@polkadot/x-global@^12.6.2":
  version "12.6.2"
  resolved "https://registry.yarnpkg.com/@polkadot/x-global/-/x-global-12.6.2.tgz#31d4de1c3d4c44e4be3219555a6d91091decc4ec"
  integrity sha512-a8d6m+PW98jmsYDtAWp88qS4dl8DyqUBsd0S+WgyfSMtpEXu6v9nXDgPZgwF5xdDvXhm+P0ZfVkVTnIGrScb5g==
  dependencies:
    tslib "^2.6.2"

"@polkadot/x-randomvalues@12.6.2":
  version "12.6.2"
  resolved "https://registry.yarnpkg.com/@polkadot/x-randomvalues/-/x-randomvalues-12.6.2.tgz#13fe3619368b8bf5cb73781554859b5ff9d900a2"
  integrity sha512-Vr8uG7rH2IcNJwtyf5ebdODMcr0XjoCpUbI91Zv6AlKVYOGKZlKLYJHIwpTaKKB+7KPWyQrk4Mlym/rS7v9feg==
  dependencies:
    "@polkadot/x-global" "12.6.2"
    tslib "^2.6.2"

"@polkadot/x-textdecoder@12.6.2":
  version "12.6.2"
  resolved "https://registry.yarnpkg.com/@polkadot/x-textdecoder/-/x-textdecoder-12.6.2.tgz#b86da0f8e8178f1ca31a7158257e92aea90b10e4"
  integrity sha512-M1Bir7tYvNappfpFWXOJcnxUhBUFWkUFIdJSyH0zs5LmFtFdbKAeiDXxSp2Swp5ddOZdZgPac294/o2TnQKN1w==
  dependencies:
    "@polkadot/x-global" "12.6.2"
    tslib "^2.6.2"

"@polkadot/x-textencoder@12.6.2":
  version "12.6.2"
  resolved "https://registry.yarnpkg.com/@polkadot/x-textencoder/-/x-textencoder-12.6.2.tgz#81d23bd904a2c36137a395c865c5fefa21abfb44"
  integrity sha512-4N+3UVCpI489tUJ6cv3uf0PjOHvgGp9Dl+SZRLgFGt9mvxnvpW/7+XBADRMtlG4xi5gaRK7bgl5bmY6OMDsNdw==
  dependencies:
    "@polkadot/x-global" "12.6.2"
    tslib "^2.6.2"

"@polkadot/x-ws@^12.6.2":
  version "12.6.2"
  resolved "https://registry.yarnpkg.com/@polkadot/x-ws/-/x-ws-12.6.2.tgz#b99094d8e53a03be1de903d13ba59adaaabc767a"
  integrity sha512-cGZWo7K5eRRQCRl2LrcyCYsrc3lRbTlixZh3AzgU8uX4wASVGRlNWi/Hf4TtHNe1ExCDmxabJzdIsABIfrr7xw==
  dependencies:
    "@polkadot/x-global" "12.6.2"
    tslib "^2.6.2"
    ws "^8.15.1"

"@scure/base@^1.1.1", "@scure/base@^1.1.5":
  version "1.1.6"
  resolved "https://registry.yarnpkg.com/@scure/base/-/base-1.1.6.tgz#8ce5d304b436e4c84f896e0550c83e4d88cb917d"
  integrity sha512-ok9AWwhcgYuGG3Zfhyqg+zwl+Wn5uE+dwC0NV/2qQkx4dABbb/bx96vWu8NSj+BNjjSjno+JRYRjle1jV08k3g==

"@substrate/connect-extension-protocol@^2.0.0":
  version "2.0.0"
  resolved "https://registry.yarnpkg.com/@substrate/connect-extension-protocol/-/connect-extension-protocol-2.0.0.tgz#badaa6e6b5f7c7d56987d778f4944ddb83cd9ea7"
  integrity sha512-nKu8pDrE3LNCEgJjZe1iGXzaD6OSIDD4Xzz/yo4KO9mQ6LBvf49BVrt4qxBFGL6++NneLiWUZGoh+VSd4PyVIg==

"@substrate/connect-known-chains@^1.1.1":
  version "1.1.2"
  resolved "https://registry.yarnpkg.com/@substrate/connect-known-chains/-/connect-known-chains-1.1.2.tgz#987952dd46a87485285b4fd74a3d3051efe90181"
  integrity sha512-XvyemTVqon+6EF2G7QL0fEXxjuz3nUNFgFV0TSWhSVpPb+Sfs+vfipbEZxGNouxvjCoJdr6CF0rwgGsrrKOnAA==

"@substrate/connect@0.8.8":
  version "0.8.8"
  resolved "https://registry.yarnpkg.com/@substrate/connect/-/connect-0.8.8.tgz#80879f2241e2bd4f24a9aa25d7997fd91a5e68e3"
  integrity sha512-zwaxuNEVI9bGt0rT8PEJiXOyebLIo6QN1SyiAHRPBOl6g3Sy0KKdSN8Jmyn++oXhVRD8aIe75/V8ZkS81T+BPQ==
  dependencies:
    "@substrate/connect-extension-protocol" "^2.0.0"
    "@substrate/connect-known-chains" "^1.1.1"
    "@substrate/light-client-extension-helpers" "^0.0.4"
    smoldot "2.0.22"

"@substrate/light-client-extension-helpers@^0.0.4":
  version "0.0.4"
  resolved "https://registry.yarnpkg.com/@substrate/light-client-extension-helpers/-/light-client-extension-helpers-0.0.4.tgz#a5958d5c1aac7df69f55bd90991aa935500f8124"
  integrity sha512-vfKcigzL0SpiK+u9sX6dq2lQSDtuFLOxIJx2CKPouPEHIs8C+fpsufn52r19GQn+qDhU8POMPHOVoqLktj8UEA==
  dependencies:
    "@polkadot-api/client" "0.0.1-492c132563ea6b40ae1fc5470dec4cd18768d182.1.0"
    "@polkadot-api/json-rpc-provider" "0.0.1-492c132563ea6b40ae1fc5470dec4cd18768d182.1.0"
    "@polkadot-api/json-rpc-provider-proxy" "0.0.1-492c132563ea6b40ae1fc5470dec4cd18768d182.1.0"
    "@polkadot-api/substrate-client" "0.0.1-492c132563ea6b40ae1fc5470dec4cd18768d182.1.0"
    "@substrate/connect-extension-protocol" "^2.0.0"
    "@substrate/connect-known-chains" "^1.1.1"
    rxjs "^7.8.1"

"@substrate/ss58-registry@^1.44.0":
  version "1.47.0"
  resolved "https://registry.yarnpkg.com/@substrate/ss58-registry/-/ss58-registry-1.47.0.tgz#99b11fd3c16657f5eae483b3df7c545ca756d1fc"
  integrity sha512-6kuIJedRcisUJS2pgksEH2jZf3hfSIVzqtFzs/AyjTW3ETbMg5q1Bb7VWa0WYaT6dTrEXp/6UoXM5B9pSIUmcw==

"@types/bn.js@^5.1.5":
  version "5.1.5"
  resolved "https://registry.yarnpkg.com/@types/bn.js/-/bn.js-5.1.5.tgz#2e0dacdcce2c0f16b905d20ff87aedbc6f7b4bf0"
  integrity sha512-V46N0zwKRF5Q00AZ6hWtN0T8gGmDUaUzLWQvHFo5yThtVwK/VCenFY3wXVbOvNfajEpsTfQM4IN9k/d6gUVX3A==
  dependencies:
    "@types/node" "*"

"@types/jsonabc@^2.3.3":
  version "2.3.3"
  resolved "https://registry.yarnpkg.com/@types/jsonabc/-/jsonabc-2.3.3.tgz#a5d6cbb31d6843955c5087a93140035e9260b6b6"
  integrity sha512-TnsXd4l4X65GsPakQjGLMQ4SqVXrVsvfzpO+0WqNxF8HLiiKA32aFD6Mas+9zjB3TScRIMhCDnkux/gm0674mg==

"@types/node@*":
  version "20.12.4"
  resolved "https://registry.yarnpkg.com/@types/node/-/node-20.12.4.tgz#af5921bd75ccdf3a3d8b3fa75bf3d3359268cd11"
  integrity sha512-E+Fa9z3wSQpzgYQdYmme5X3OTuejnnTx88A6p6vkkJosR3KBz+HpE3kqNm98VE6cfLFcISx7zW7MsJkH6KwbTw==
  dependencies:
    undici-types "~5.26.4"

bn.js@^5.2.1:
  version "5.2.1"
  resolved "https://registry.yarnpkg.com/bn.js/-/bn.js-5.2.1.tgz#0bc527a6a0d18d0aa8d5b0538ce4a77dccfa7b70"
  integrity sha512-eXRvHzWyYPBuB4NBy0cmYQjGitUrtqwbvlzP3G6VFnNRbsZQIxQ10PbKKHt8gZ/HW/D/747aDl+QkDqg3KQLMQ==

cbor-extract@^2.2.0:
  version "2.2.0"
  resolved "https://registry.yarnpkg.com/cbor-extract/-/cbor-extract-2.2.0.tgz#cee78e630cbeae3918d1e2e58e0cebaf3a3be840"
  integrity sha512-Ig1zM66BjLfTXpNgKpvBePq271BPOvu8MR0Jl080yG7Jsl+wAZunfrwiwA+9ruzm/WEdIV5QF/bjDZTqyAIVHA==
  dependencies:
    node-gyp-build-optional-packages "5.1.1"
  optionalDependencies:
    "@cbor-extract/cbor-extract-darwin-arm64" "2.2.0"
    "@cbor-extract/cbor-extract-darwin-x64" "2.2.0"
    "@cbor-extract/cbor-extract-linux-arm" "2.2.0"
    "@cbor-extract/cbor-extract-linux-arm64" "2.2.0"
    "@cbor-extract/cbor-extract-linux-x64" "2.2.0"
    "@cbor-extract/cbor-extract-win32-x64" "2.2.0"

cbor-x@^1.5.8:
  version "1.5.9"
  resolved "https://registry.yarnpkg.com/cbor-x/-/cbor-x-1.5.9.tgz#ed6b2afcd7884bdd697674bfb7332c1473a13ecf"
  integrity sha512-OEI5rEu3MeR0WWNUXuIGkxmbXVhABP+VtgAXzm48c9ulkrsvxshjjk94XSOGphyAKeNGLPfAxxzEtgQ6rEVpYQ==
  optionalDependencies:
    cbor-extract "^2.2.0"

data-uri-to-buffer@^4.0.0:
  version "4.0.1"
  resolved "https://registry.yarnpkg.com/data-uri-to-buffer/-/data-uri-to-buffer-4.0.1.tgz#d8feb2b2881e6a4f58c2e08acfd0e2834e26222e"
  integrity sha512-0R9ikRb668HB7QDxT1vkpuUBtqc53YyAwMwGeUFKRojY/NWKvdZ+9UYtRfGmhqNbRkTSVpMbmyhXipFFv2cb/A==

debug@^4.1.0:
  version "4.3.4"
  resolved "https://registry.yarnpkg.com/debug/-/debug-4.3.4.tgz#1319f6579357f2338d3337d2cdd4914bb5dcc865"
  integrity sha512-PRWFHuSU3eDtQJPvnNY7Jcket1j0t5OuOsFzPPzsekD52Zl8qUfFIPEiswXqIvHWGVHOgX+7G/vCNNhehwxfkQ==
  dependencies:
    ms "2.1.2"

detect-libc@^2.0.1:
  version "2.0.3"
  resolved "https://registry.yarnpkg.com/detect-libc/-/detect-libc-2.0.3.tgz#f0cd503b40f9939b894697d19ad50895e30cf700"
  integrity sha512-bwy0MGW55bG41VqxxypOsdSdGqLwXPI/focwgTYCFMbdUiBAxLg9CFzG08sz2aqzknwiX7Hkl0bQENjg8iLByw==

dotenv@^16.3.1:
  version "16.4.5"
  resolved "https://registry.yarnpkg.com/dotenv/-/dotenv-16.4.5.tgz#cdd3b3b604cb327e286b4762e13502f717cb099f"
  integrity sha512-ZmdL2rui+eB2YwhsWzjInR8LldtZHGDoQ1ugH85ppHKwpUHL7j7rN0Ti9NCnGiQbhaZ11FpR+7ao1dNsmduNUg==

eventemitter3@^5.0.1:
  version "5.0.1"
  resolved "https://registry.yarnpkg.com/eventemitter3/-/eventemitter3-5.0.1.tgz#53f5ffd0a492ac800721bb42c66b841de96423c4"
  integrity sha512-GWkBvjiSZK87ELrYOSESUYeVIc9mvLLf/nXalMOS5dYrgZq9o5OVkbZAVM06CVxYsCwH9BDZFPlQTlPA1j4ahA==

fetch-blob@^3.1.2, fetch-blob@^3.1.4:
  version "3.2.0"
  resolved "https://registry.yarnpkg.com/fetch-blob/-/fetch-blob-3.2.0.tgz#f09b8d4bbd45adc6f0c20b7e787e793e309dcce9"
  integrity sha512-7yAQpD2UMJzLi1Dqv7qFYnPbaPx7ZfFK6PiIxQ4PfkGPyNyl2Ugx+a/umUonmKqjhM4DnfbMvdX6otXq83soQQ==
  dependencies:
    node-domexception "^1.0.0"
    web-streams-polyfill "^3.0.3"

formdata-polyfill@^4.0.10:
  version "4.0.10"
  resolved "https://registry.yarnpkg.com/formdata-polyfill/-/formdata-polyfill-4.0.10.tgz#24807c31c9d402e002ab3d8c720144ceb8848423"
  integrity sha512-buewHzMvYL29jdeQTVILecSaZKnt/RJWjoZCF5OW60Z67/GmSLBkOFM7qh1PI3zFNtJbaZL5eQu1vLfazOwj4g==
  dependencies:
    fetch-blob "^3.1.2"

json-stringify-safe@^5.0.1:
  version "5.0.1"
  resolved "https://registry.yarnpkg.com/json-stringify-safe/-/json-stringify-safe-5.0.1.tgz#1296a2d58fd45f19a0f6ce01d65701e2c735b6eb"
  integrity sha512-ZClg6AaYvamvYEE82d3Iyd3vSSIjQ+odgjaTzRuO3s7toCdFKczob2i0zCh7JE8kWn17yvAWhUVxvqGwUalsRA==

jsonabc@^2.3.1:
  version "2.3.1"
  resolved "https://registry.yarnpkg.com/jsonabc/-/jsonabc-2.3.1.tgz#800a1bd158fb30ace2b4613f8725adfcb040bfb4"
  integrity sha512-BeyxtaFNw7Alb3fUoAHZjw+Qp0+qmJdm52/mFcntoUJRD5p1aXmgKgjbNemLTsxAiG7Buk34ttMkip7XZmIn6g==

mock-socket@^9.3.1:
  version "9.3.1"
  resolved "https://registry.yarnpkg.com/mock-socket/-/mock-socket-9.3.1.tgz#24fb00c2f573c84812aa4a24181bb025de80cc8e"
  integrity sha512-qxBgB7Qa2sEQgHFjj0dSigq7fX4k6Saisd5Nelwp2q8mlbAFh5dHV9JTTlF8viYJLSSWgMCZFUom8PJcMNBoJw==

moment@^2.29.4:
  version "2.30.1"
  resolved "https://registry.yarnpkg.com/moment/-/moment-2.30.1.tgz#f8c91c07b7a786e30c59926df530b4eac96974ae"
  integrity sha512-uEmtNhbDOrWPFS+hdjFCBfy9f2YoyzRpwcl+DqpC6taX21FzsTLQVbMV/W7PzNSX6x/bhC1zA3c2UQ5NzH6how==

ms@2.1.2:
  version "2.1.2"
  resolved "https://registry.yarnpkg.com/ms/-/ms-2.1.2.tgz#d09d1f357b443f493382a8eb3ccd183872ae6009"
  integrity sha512-sGkPx+VjMtmA6MX27oA4FBFELFCZZ4S4XqeGOXCv68tT+jb3vk/RyaKWP0PTKyWtmLSM0b+adUTEvbs1PEaH2w==

nock@^13.5.0:
  version "13.5.4"
  resolved "https://registry.yarnpkg.com/nock/-/nock-13.5.4.tgz#8918f0addc70a63736170fef7106a9721e0dc479"
  integrity sha512-yAyTfdeNJGGBFxWdzSKCBYxs5FxLbCg5X5Q4ets974hcQzG1+qCxvIyOo4j2Ry6MUlhWVMX4OoYDefAIIwupjw==
  dependencies:
    debug "^4.1.0"
    json-stringify-safe "^5.0.1"
    propagate "^2.0.0"

node-domexception@^1.0.0:
  version "1.0.0"
  resolved "https://registry.yarnpkg.com/node-domexception/-/node-domexception-1.0.0.tgz#6888db46a1f71c0b76b3f7555016b63fe64766e5"
  integrity sha512-/jKZoMpw0F8GRwl4/eLROPA3cfcXtLApP0QzLmUT/HuPCZWyB7IY9ZrMeKw2O/nFIqPQB3PVM9aYm0F312AXDQ==

node-fetch@^3.3.2:
  version "3.3.2"
  resolved "https://registry.yarnpkg.com/node-fetch/-/node-fetch-3.3.2.tgz#d1e889bacdf733b4ff3b2b243eb7a12866a0b78b"
  integrity sha512-dRB78srN/l6gqWulah9SrxeYnxeddIG30+GOqK/9OlLVyLg3HPnr6SqOWTWOXKRwC2eGYCkZ59NNuSgvSrpgOA==
  dependencies:
    data-uri-to-buffer "^4.0.0"
    fetch-blob "^3.1.4"
    formdata-polyfill "^4.0.10"

node-gyp-build-optional-packages@5.1.1:
  version "5.1.1"
  resolved "https://registry.yarnpkg.com/node-gyp-build-optional-packages/-/node-gyp-build-optional-packages-5.1.1.tgz#52b143b9dd77b7669073cbfe39e3f4118bfc603c"
  integrity sha512-+P72GAjVAbTxjjwUmwjVrqrdZROD4nf8KgpBoDxqXXTiYZZt/ud60dE5yvCSr9lRO8e8yv6kgJIC0K0PfZFVQw==
  dependencies:
    detect-libc "^2.0.1"

prettier@3.2.5:
  version "3.2.5"
  resolved "https://registry.yarnpkg.com/prettier/-/prettier-3.2.5.tgz#e52bc3090586e824964a8813b09aba6233b28368"
  integrity sha512-3/GWa9aOC0YeD7LUfvOG2NiDyhOWRvt1k+rcKhOuYnMY24iiCphgneUfJDyFXd6rZCAnuLBv6UeAULtrhT/F4A==

propagate@^2.0.0:
  version "2.0.1"
  resolved "https://registry.yarnpkg.com/propagate/-/propagate-2.0.1.tgz#40cdedab18085c792334e64f0ac17256d38f9a45"
  integrity sha512-vGrhOavPSTz4QVNuBNdcNXePNdNMaO1xj9yBeH1ScQPjk/rhg9sSlCXPhMkFuaNNW/syTvYqsnbIJxMBfRbbag==

rxjs@^7.8.1:
  version "7.8.1"
  resolved "https://registry.yarnpkg.com/rxjs/-/rxjs-7.8.1.tgz#6f6f3d99ea8044291efd92e7c7fcf562c4057543"
  integrity sha512-AA3TVj+0A2iuIoQkWEK/tqFjBq2j+6PO6Y0zJcvzLAFhEFIO3HL0vls9hWLncZbAAbK0mar7oZ4V079I/qPMxg==
  dependencies:
    tslib "^2.1.0"

scale-ts@^1.6.0:
  version "1.6.0"
  resolved "https://registry.yarnpkg.com/scale-ts/-/scale-ts-1.6.0.tgz#e9641093c5a9e50f964ddb1607139034e3e932e9"
  integrity sha512-Ja5VCjNZR8TGKhUumy9clVVxcDpM+YFjAnkMuwQy68Hixio3VRRvWdE3g8T/yC+HXA0ZDQl2TGyUmtmbcVl40Q==

smoldot@2.0.22:
  version "2.0.22"
  resolved "https://registry.yarnpkg.com/smoldot/-/smoldot-2.0.22.tgz#1e924d2011a31c57416e79a2b97a460f462a31c7"
  integrity sha512-B50vRgTY6v3baYH6uCgL15tfaag5tcS2o/P5q1OiXcKGv1axZDfz2dzzMuIkVpyMR2ug11F6EAtQlmYBQd292g==
  dependencies:
    ws "^8.8.1"

tslib@^2.1.0, tslib@^2.6.2:
  version "2.6.2"
  resolved "https://registry.yarnpkg.com/tslib/-/tslib-2.6.2.tgz#703ac29425e7b37cd6fd456e92404d46d1f3e4ae"
  integrity sha512-AEYxH93jGFPn/a2iVAwW87VuUIkR1FVUKB77NwMF7nBTDkDrrT/Hpt/IrCJ0QXhW27jTBDcf5ZY7w6RiqTMw2Q==

tweetnacl@^1.0.3:
  version "1.0.3"
  resolved "https://registry.yarnpkg.com/tweetnacl/-/tweetnacl-1.0.3.tgz#ac0af71680458d8a6378d0d0d050ab1407d35596"
  integrity sha512-6rt+RN7aOi1nGMyC4Xa5DdYiukl2UWCbcJft7YhxReBGQD7OAM8Pbxw6YMo4r2diNEA8FEmu32YOn9rhaiE5yw==

typescript@^4.8.3:
  version "4.9.5"
  resolved "https://registry.yarnpkg.com/typescript/-/typescript-4.9.5.tgz#095979f9bcc0d09da324d58d03ce8f8374cbe65a"
  integrity sha512-1FXk9E2Hm+QzZQ7z+McJiHL4NW1F2EzMu9Nq9i3zAaGqibafqYwCVU6WyWAuyQRRzOlxou8xZSyXLEN8oKj24g==

undici-types@~5.26.4:
  version "5.26.5"
  resolved "https://registry.yarnpkg.com/undici-types/-/undici-types-5.26.5.tgz#bcd539893d00b56e964fd2657a4866b221a65617"
  integrity sha512-JlCMO+ehdEIKqlFxk6IfVoAUVmgz7cU7zD/h9XZ0qzeosSHmUJVOzSQvvYSYWXkFXC+IfLKSIffhv0sVZup6pA==

uuid@^9.0.1:
  version "9.0.1"
  resolved "https://registry.yarnpkg.com/uuid/-/uuid-9.0.1.tgz#e188d4c8853cc722220392c424cd637f32293f30"
  integrity sha512-b+1eJOlsR9K8HJpow9Ok3fiWOWSIcIzXodvv0rQjVoOVNpWMpxf1wZNpt4y9h10odCNrqnYp1OBzRktckBe3sA==

web-streams-polyfill@^3.0.3:
  version "3.3.3"
  resolved "https://registry.yarnpkg.com/web-streams-polyfill/-/web-streams-polyfill-3.3.3.tgz#2073b91a2fdb1fbfbd401e7de0ac9f8214cecb4b"
  integrity sha512-d2JWLCivmZYTSIoge9MsgFCZrt571BikcWGYkjC1khllbTeDlGqZ2D8vD8E/lJa8WGWbb7Plm8/XJYV7IJHZZw==

ws@^8.15.1, ws@^8.8.1:
  version "8.16.0"
  resolved "https://registry.yarnpkg.com/ws/-/ws-8.16.0.tgz#d1cd774f36fbc07165066a60e40323eab6446fd4"
  integrity sha512-HS0c//TP7Ina87TfiPUz1rQzMhHrl/SG2guqRcTOIUYD2q8uhUdNHZYJUaQ8aTGPzCh+c6oawMKW35nFl1dxyQ==
